{
  "name": "@crabpot/fixture-brave-plugin",
  "version": "0.0.0",
  "lockfileVersion": 3,
  "requires": true,
  "packages": {
    "": {
      "name": "@crabpot/fixture-brave-plugin",
      "version": "0.0.0",
      "dependencies": {
        "@openclaw/brave-plugin": "2026.9.7"
      }
    },
    "node_modules/@openclaw/brave-plugin": {
      "version": "2026.9.7",
      "resolved": "https://registry.npmjs.org/@openclaw/brave-plugin/-/brave-plugin-2026.9.7.tgz",
      "integrity": "sha512-WNeSD9lC+zUWoD80asnkacajvLsWLFOFXzZuRU6qyHNFodclkpa1aNG2CQdYASjS7n8lQXtbETmSgQk7aHwHsw==",
      "peerDependencies": {
        "openclaw": ">=2026.9.7"
      },
      "peerDependenciesMeta": {
        "openclaw": {
          "optional": true
        }
      }
    }
  }
}
