{
  "name": "@crabpot/fixture-brave-plugin",
  "version": "0.0.0",
  "lockfileVersion": 3,
  "requires": true,
  "packages": {
    "": {
      "name": "@crabpot/fixture-brave-plugin",
      "version": "0.0.0",
      "dependencies": {
        "@openclaw/brave-plugin": "2026.8.1"
      }
    },
    "node_modules/@openclaw/brave-plugin": {
      "version": "2026.8.1",
      "resolved": "https://registry.npmjs.org/@openclaw/brave-plugin/-/brave-plugin-2026.8.1.tgz",
      "integrity": "sha512-TGBYAEMut4WHiVp6dBjAICV0F+2pJFCJzB0kx2nZg2277Kr1MOjTiPDY/b2B341x5uV9PzunaWhZe5AZ1ptbmg==",
      "peerDependencies": {
        "openclaw": ">=2026.8.1"
      },
      "peerDependenciesMeta": {
        "openclaw": {
          "optional": true
        }
      }
    }
  }
}
