{
  "name": "@crabpot/fixture-brave-plugin",
  "version": "0.0.0",
  "lockfileVersion": 3,
  "requires": true,
  "packages": {
    "": {
      "name": "@crabpot/fixture-brave-plugin",
      "version": "0.0.0",
      "dependencies": {
        "@openclaw/brave-plugin": "2026.5.1-beta.1"
      }
    },
    "node_modules/@openclaw/brave-plugin": {
      "version": "2026.5.1-beta.1",
      "resolved": "https://registry.npmjs.org/@openclaw/brave-plugin/-/brave-plugin-2026.5.1-beta.1.tgz",
      "integrity": "sha512-lPHMp61vX7+q5k6E+qhzJJaUXh+ZtzP4ummCj7t0lR+x7cRqohezSZxTJLM2GlC3UNsnLSxjf30HpvduloOAhA=="
    }
  }
}
