{
  "name": "@crabpot/fixture-lightclawbot",
  "version": "0.0.0",
  "lockfileVersion": 3,
  "requires": true,
  "packages": {
    "": {
      "name": "@crabpot/fixture-lightclawbot",
      "version": "0.0.0",
      "dependencies": {
        "lightclawbot": "1.2.17"
      }
    },
    "node_modules/lightclawbot": {
      "version": "1.2.17",
      "resolved": "https://registry.npmjs.org/lightclawbot/-/lightclawbot-1.2.17.tgz",
      "integrity": "sha512-0gEUVX6z7TxcXyJOEz6/hOa6atqhUme6G6VHs8krtHyfDpX5jEOF7/ihEK/cxuyE5Ztzgogz6SWGHfmavxks2Q==",
      "bundleDependencies": [
        "ws"
      ],
      "license": "MIT",
      "dependencies": {
        "ws": "^8.18.0"
      },
      "peerDependencies": {
        "openclaw": ">=2026.3.22"
      }
    },
    "node_modules/lightclawbot/node_modules/ws": {
      "version": "8.21.0",
      "inBundle": true,
      "license": "MIT",
      "engines": {
        "node": ">=10.0.0"
      },
      "peerDependencies": {
        "bufferutil": "^4.0.1",
        "utf-8-validate": ">=5.0.2"
      },
      "peerDependenciesMeta": {
        "bufferutil": {
          "optional": true
        },
        "utf-8-validate": {
          "optional": true
        }
      }
    }
  }
}
