{
  "name": "@crabpot/fixture-google-meet",
  "version": "0.0.0",
  "lockfileVersion": 3,
  "requires": true,
  "packages": {
    "": {
      "name": "@crabpot/fixture-google-meet",
      "version": "0.0.0",
      "dependencies": {
        "@openclaw/google-meet": "2026.5.1-beta.2"
      }
    },
    "node_modules/@openclaw/google-meet": {
      "version": "2026.5.1-beta.2",
      "resolved": "https://registry.npmjs.org/@openclaw/google-meet/-/google-meet-2026.5.1-beta.2.tgz",
      "integrity": "sha512-Kfd0V4vrjL4T1XqHVJZKgydI2GdQpH+jziF100a/+rirYK6i7DKIkKJK/i0IFNq5gf90edkzUlyKMlWrZIJXsA==",
      "dependencies": {
        "commander": "^14.0.3",
        "typebox": "1.1.37"
      },
      "peerDependencies": {
        "openclaw": ">=2026.4.25"
      },
      "peerDependenciesMeta": {
        "openclaw": {
          "optional": true
        }
      }
    },
    "node_modules/commander": {
      "version": "14.0.3",
      "resolved": "https://registry.npmjs.org/commander/-/commander-14.0.3.tgz",
      "integrity": "sha512-H+y0Jo/T1RZ9qPP4Eh1pkcQcLRglraJaSLoyOtHxu6AapkjWVCy2Sit1QQ4x3Dng8qDlSsZEet7g5Pq06MvTgw==",
      "license": "MIT",
      "engines": {
        "node": ">=20"
      }
    },
    "node_modules/typebox": {
      "version": "1.1.37",
      "resolved": "https://registry.npmjs.org/typebox/-/typebox-1.1.37.tgz",
      "integrity": "sha512-jb7jp6KvOvvy5sd+11AfJ0/e0F0AS9RcOXd55oGi2ZnRHIGmFvrTaNF+ZidRmGBmmNTkM5KKl0Z37KzxJ+owEQ==",
      "license": "MIT"
    }
  }
}
