{
  "name": "@crabpot/fixture-feishu",
  "version": "0.0.0",
  "lockfileVersion": 3,
  "requires": true,
  "packages": {
    "": {
      "name": "@crabpot/fixture-feishu",
      "version": "0.0.0",
      "dependencies": {
        "@openclaw/feishu": "2026.8.1"
      }
    },
    "node_modules/@openclaw/feishu": {
      "version": "2026.8.1",
      "resolved": "https://registry.npmjs.org/@openclaw/feishu/-/feishu-2026.8.1.tgz",
      "integrity": "sha512-AMSX4nO912uzCr2UFNFWOX4aFgFeC1f4ZsZ+zC/8deeLtNS3JZW3Stbe0suBoLZIXTO89lEPPRqXrqLlzY0iRA==",
      "bundleDependencies": [
        "@larksuiteoapi/node-sdk",
        "mdast-util-from-markdown",
        "mdast-util-gfm-table",
        "micromark-extension-gfm-table",
        "typebox",
        "zod"
      ],
      "dependencies": {
        "@larksuiteoapi/node-sdk": "1.73.0",
        "mdast-util-from-markdown": "2.0.3",
        "mdast-util-gfm-table": "2.0.0",
        "micromark-extension-gfm-table": "2.1.1",
        "typebox": "1.3.16",
        "zod": "4.4.3"
      },
      "peerDependencies": {
        "openclaw": ">=2026.8.1"
      },
      "peerDependenciesMeta": {
        "openclaw": {
          "optional": true
        }
      }
    },
    "node_modules/@openclaw/feishu/node_modules/@larksuiteoapi/node-sdk": {
      "version": "1.73.0",
      "inBundle": true,
      "license": "MIT",
      "dependencies": {
        "axios": "^1.16.0",
        "lodash.identity": "^3.0.0",
        "lodash.merge": "^4.6.2",
        "lodash.pickby": "^4.6.0",
        "protobufjs": "^7.2.6",
        "qs": "^6.14.2",
        "ws": "^8.19.0"
      }
    },
    "node_modules/@openclaw/feishu/node_modules/@larksuiteoapi/node-sdk/node_modules/agent-base": {
      "version": "6.0.2",
      "inBundle": true,
      "license": "MIT",
      "dependencies": {
        "debug": "4"
      },
      "engines": {
        "node": ">= 6.0.0"
      }
    },
    "node_modules/@openclaw/feishu/node_modules/@larksuiteoapi/node-sdk/node_modules/asynckit": {
      "version": "0.4.0",
      "inBundle": true,
      "license": "MIT"
    },
    "node_modules/@openclaw/feishu/node_modules/@larksuiteoapi/node-sdk/node_modules/axios": {
      "version": "1.19.0",
      "inBundle": true,
      "license": "MIT",
      "dependencies": {
        "follow-redirects": "^1.16.0",
        "form-data": "^4.0.6",
        "https-proxy-agent": "^5.0.1",
        "proxy-from-env": "^2.1.0"
      }
    },
    "node_modules/@openclaw/feishu/node_modules/@larksuiteoapi/node-sdk/node_modules/call-bind-apply-helpers": {
      "version": "1.0.2",
      "inBundle": true,
      "license": "MIT",
      "dependencies": {
        "es-errors": "^1.3.0",
        "function-bind": "^1.1.2"
      },
      "engines": {
        "node": ">= 0.4"
      }
    },
    "node_modules/@openclaw/feishu/node_modules/@larksuiteoapi/node-sdk/node_modules/call-bound": {
      "version": "1.0.4",
      "inBundle": true,
      "license": "MIT",
      "dependencies": {
        "call-bind-apply-helpers": "^1.0.2",
        "get-intrinsic": "^1.3.0"
      },
      "engines": {
        "node": ">= 0.4"
      },
      "funding": {
        "url": "https://github.com/sponsors/ljharb"
      }
    },
    "node_modules/@openclaw/feishu/node_modules/@larksuiteoapi/node-sdk/node_modules/combined-stream": {
      "version": "1.0.8",
      "inBundle": true,
      "license": "MIT",
      "dependencies": {
        "delayed-stream": "~1.0.0"
      },
      "engines": {
        "node": ">= 0.8"
      }
    },
    "node_modules/@openclaw/feishu/node_modules/@larksuiteoapi/node-sdk/node_modules/debug": {
      "version": "4.4.3",
      "inBundle": true,
      "license": "MIT",
      "dependencies": {
        "ms": "^2.1.3"
      },
      "engines": {
        "node": ">=6.0"
      },
      "peerDependenciesMeta": {
        "supports-color": {
          "optional": true
        }
      }
    },
    "node_modules/@openclaw/feishu/node_modules/@larksuiteoapi/node-sdk/node_modules/delayed-stream": {
      "version": "1.0.0",
      "inBundle": true,
      "license": "MIT",
      "engines": {
        "node": ">=0.4.0"
      }
    },
    "node_modules/@openclaw/feishu/node_modules/@larksuiteoapi/node-sdk/node_modules/dunder-proto": {
      "version": "1.0.1",
      "inBundle": true,
      "license": "MIT",
      "dependencies": {
        "call-bind-apply-helpers": "^1.0.1",
        "es-errors": "^1.3.0",
        "gopd": "^1.2.0"
      },
      "engines": {
        "node": ">= 0.4"
      }
    },
    "node_modules/@openclaw/feishu/node_modules/@larksuiteoapi/node-sdk/node_modules/es-define-property": {
      "version": "1.0.1",
      "inBundle": true,
      "license": "MIT",
      "engines": {
        "node": ">= 0.4"
      }
    },
    "node_modules/@openclaw/feishu/node_modules/@larksuiteoapi/node-sdk/node_modules/es-errors": {
      "version": "1.3.0",
      "inBundle": true,
      "license": "MIT",
      "engines": {
        "node": ">= 0.4"
      }
    },
    "node_modules/@openclaw/feishu/node_modules/@larksuiteoapi/node-sdk/node_modules/es-object-atoms": {
      "version": "1.1.2",
      "inBundle": true,
      "license": "MIT",
      "dependencies": {
        "es-errors": "^1.3.0"
      },
      "engines": {
        "node": ">= 0.4"
      }
    },
    "node_modules/@openclaw/feishu/node_modules/@larksuiteoapi/node-sdk/node_modules/es-set-tostringtag": {
      "version": "2.1.0",
      "inBundle": true,
      "license": "MIT",
      "dependencies": {
        "es-errors": "^1.3.0",
        "get-intrinsic": "^1.2.6",
        "has-tostringtag": "^1.0.2",
        "hasown": "^2.0.2"
      },
      "engines": {
        "node": ">= 0.4"
      }
    },
    "node_modules/@openclaw/feishu/node_modules/@larksuiteoapi/node-sdk/node_modules/follow-redirects": {
      "version": "1.16.0",
      "funding": [
        {
          "type": "individual",
          "url": "https://github.com/sponsors/RubenVerborgh"
        }
      ],
      "inBundle": true,
      "license": "MIT",
      "engines": {
        "node": ">=4.0"
      },
      "peerDependenciesMeta": {
        "debug": {
          "optional": true
        }
      }
    },
    "node_modules/@openclaw/feishu/node_modules/@larksuiteoapi/node-sdk/node_modules/form-data": {
      "version": "4.0.6",
      "inBundle": true,
      "license": "MIT",
      "dependencies": {
        "asynckit": "^0.4.0",
        "combined-stream": "^1.0.8",
        "es-set-tostringtag": "^2.1.0",
        "hasown": "^2.0.4",
        "mime-types": "^2.1.35"
      },
      "engines": {
        "node": ">= 6"
      }
    },
    "node_modules/@openclaw/feishu/node_modules/@larksuiteoapi/node-sdk/node_modules/function-bind": {
      "version": "1.1.2",
      "inBundle": true,
      "license": "MIT",
      "funding": {
        "url": "https://github.com/sponsors/ljharb"
      }
    },
    "node_modules/@openclaw/feishu/node_modules/@larksuiteoapi/node-sdk/node_modules/get-intrinsic": {
      "version": "1.3.0",
      "inBundle": true,
      "license": "MIT",
      "dependencies": {
        "call-bind-apply-helpers": "^1.0.2",
        "es-define-property": "^1.0.1",
        "es-errors": "^1.3.0",
        "es-object-atoms": "^1.1.1",
        "function-bind": "^1.1.2",
        "get-proto": "^1.0.1",
        "gopd": "^1.2.0",
        "has-symbols": "^1.1.0",
        "hasown": "^2.0.2",
        "math-intrinsics": "^1.1.0"
      },
      "engines": {
        "node": ">= 0.4"
      },
      "funding": {
        "url": "https://github.com/sponsors/ljharb"
      }
    },
    "node_modules/@openclaw/feishu/node_modules/@larksuiteoapi/node-sdk/node_modules/get-proto": {
      "version": "1.0.1",
      "inBundle": true,
      "license": "MIT",
      "dependencies": {
        "dunder-proto": "^1.0.1",
        "es-object-atoms": "^1.0.0"
      },
      "engines": {
        "node": ">= 0.4"
      }
    },
    "node_modules/@openclaw/feishu/node_modules/@larksuiteoapi/node-sdk/node_modules/gopd": {
      "version": "1.2.0",
      "inBundle": true,
      "license": "MIT",
      "engines": {
        "node": ">= 0.4"
      },
      "funding": {
        "url": "https://github.com/sponsors/ljharb"
      }
    },
    "node_modules/@openclaw/feishu/node_modules/@larksuiteoapi/node-sdk/node_modules/has-symbols": {
      "version": "1.1.0",
      "inBundle": true,
      "license": "MIT",
      "engines": {
        "node": ">= 0.4"
      },
      "funding": {
        "url": "https://github.com/sponsors/ljharb"
      }
    },
    "node_modules/@openclaw/feishu/node_modules/@larksuiteoapi/node-sdk/node_modules/has-tostringtag": {
      "version": "1.0.2",
      "inBundle": true,
      "license": "MIT",
      "dependencies": {
        "has-symbols": "^1.0.3"
      },
      "engines": {
        "node": ">= 0.4"
      },
      "funding": {
        "url": "https://github.com/sponsors/ljharb"
      }
    },
    "node_modules/@openclaw/feishu/node_modules/@larksuiteoapi/node-sdk/node_modules/hasown": {
      "version": "2.0.4",
      "inBundle": true,
      "license": "MIT",
      "dependencies": {
        "function-bind": "^1.1.2"
      },
      "engines": {
        "node": ">= 0.4"
      }
    },
    "node_modules/@openclaw/feishu/node_modules/@larksuiteoapi/node-sdk/node_modules/https-proxy-agent": {
      "version": "5.0.1",
      "inBundle": true,
      "license": "MIT",
      "dependencies": {
        "agent-base": "6",
        "debug": "4"
      },
      "engines": {
        "node": ">= 6"
      }
    },
    "node_modules/@openclaw/feishu/node_modules/@larksuiteoapi/node-sdk/node_modules/lodash.identity": {
      "version": "3.0.0",
      "inBundle": true,
      "license": "MIT"
    },
    "node_modules/@openclaw/feishu/node_modules/@larksuiteoapi/node-sdk/node_modules/lodash.merge": {
      "version": "4.6.2",
      "inBundle": true,
      "license": "MIT"
    },
    "node_modules/@openclaw/feishu/node_modules/@larksuiteoapi/node-sdk/node_modules/lodash.pickby": {
      "version": "4.6.0",
      "inBundle": true,
      "license": "MIT"
    },
    "node_modules/@openclaw/feishu/node_modules/@larksuiteoapi/node-sdk/node_modules/long": {
      "version": "5.3.2",
      "inBundle": true,
      "license": "Apache-2.0"
    },
    "node_modules/@openclaw/feishu/node_modules/@larksuiteoapi/node-sdk/node_modules/math-intrinsics": {
      "version": "1.1.0",
      "inBundle": true,
      "license": "MIT",
      "engines": {
        "node": ">= 0.4"
      }
    },
    "node_modules/@openclaw/feishu/node_modules/@larksuiteoapi/node-sdk/node_modules/mime-db": {
      "version": "1.52.0",
      "inBundle": true,
      "license": "MIT",
      "engines": {
        "node": ">= 0.6"
      }
    },
    "node_modules/@openclaw/feishu/node_modules/@larksuiteoapi/node-sdk/node_modules/mime-types": {
      "version": "2.1.35",
      "inBundle": true,
      "license": "MIT",
      "dependencies": {
        "mime-db": "1.52.0"
      },
      "engines": {
        "node": ">= 0.6"
      }
    },
    "node_modules/@openclaw/feishu/node_modules/@larksuiteoapi/node-sdk/node_modules/ms": {
      "version": "2.1.3",
      "inBundle": true,
      "license": "MIT"
    },
    "node_modules/@openclaw/feishu/node_modules/@larksuiteoapi/node-sdk/node_modules/object-inspect": {
      "version": "1.13.4",
      "inBundle": true,
      "license": "MIT",
      "engines": {
        "node": ">= 0.4"
      },
      "funding": {
        "url": "https://github.com/sponsors/ljharb"
      }
    },
    "node_modules/@openclaw/feishu/node_modules/@larksuiteoapi/node-sdk/node_modules/protobufjs": {
      "version": "8.7.2",
      "inBundle": true,
      "license": "BSD-3-Clause",
      "dependencies": {
        "long": "^5.3.2"
      },
      "engines": {
        "node": ">=12.0.0"
      }
    },
    "node_modules/@openclaw/feishu/node_modules/@larksuiteoapi/node-sdk/node_modules/proxy-from-env": {
      "version": "2.1.0",
      "inBundle": true,
      "license": "MIT",
      "engines": {
        "node": ">=10"
      }
    },
    "node_modules/@openclaw/feishu/node_modules/@larksuiteoapi/node-sdk/node_modules/qs": {
      "version": "6.15.3",
      "inBundle": true,
      "license": "BSD-3-Clause",
      "dependencies": {
        "es-define-property": "^1.0.1",
        "side-channel": "^1.1.1"
      },
      "engines": {
        "node": ">=0.6"
      },
      "funding": {
        "url": "https://github.com/sponsors/ljharb"
      }
    },
    "node_modules/@openclaw/feishu/node_modules/@larksuiteoapi/node-sdk/node_modules/side-channel": {
      "version": "1.1.1",
      "inBundle": true,
      "license": "MIT",
      "dependencies": {
        "es-errors": "^1.3.0",
        "object-inspect": "^1.13.4",
        "side-channel-list": "^1.0.1",
        "side-channel-map": "^1.0.1",
        "side-channel-weakmap": "^1.0.2"
      },
      "engines": {
        "node": ">= 0.4"
      },
      "funding": {
        "url": "https://github.com/sponsors/ljharb"
      }
    },
    "node_modules/@openclaw/feishu/node_modules/@larksuiteoapi/node-sdk/node_modules/side-channel-list": {
      "version": "1.0.1",
      "inBundle": true,
      "license": "MIT",
      "dependencies": {
        "es-errors": "^1.3.0",
        "object-inspect": "^1.13.4"
      },
      "engines": {
        "node": ">= 0.4"
      },
      "funding": {
        "url": "https://github.com/sponsors/ljharb"
      }
    },
    "node_modules/@openclaw/feishu/node_modules/@larksuiteoapi/node-sdk/node_modules/side-channel-map": {
      "version": "1.0.1",
      "inBundle": true,
      "license": "MIT",
      "dependencies": {
        "call-bound": "^1.0.2",
        "es-errors": "^1.3.0",
        "get-intrinsic": "^1.2.5",
        "object-inspect": "^1.13.3"
      },
      "engines": {
        "node": ">= 0.4"
      },
      "funding": {
        "url": "https://github.com/sponsors/ljharb"
      }
    },
    "node_modules/@openclaw/feishu/node_modules/@larksuiteoapi/node-sdk/node_modules/side-channel-weakmap": {
      "version": "1.0.2",
      "inBundle": true,
      "license": "MIT",
      "dependencies": {
        "call-bound": "^1.0.2",
        "es-errors": "^1.3.0",
        "get-intrinsic": "^1.2.5",
        "object-inspect": "^1.13.3",
        "side-channel-map": "^1.0.1"
      },
      "engines": {
        "node": ">= 0.4"
      },
      "funding": {
        "url": "https://github.com/sponsors/ljharb"
      }
    },
    "node_modules/@openclaw/feishu/node_modules/@larksuiteoapi/node-sdk/node_modules/ws": {
      "version": "8.21.1",
      "inBundle": true,
      "license": "MIT",
      "engines": {
        "node": ">=10.0.0"
      },
      "peerDependencies": {
        "bufferutil": "^4.0.1",
        "utf-8-validate": ">=5.0.2"
      },
      "peerDependenciesMeta": {
        "bufferutil": {
          "optional": true
        },
        "utf-8-validate": {
          "optional": true
        }
      }
    },
    "node_modules/@openclaw/feishu/node_modules/mdast-util-from-markdown": {
      "version": "2.0.3",
      "inBundle": true,
      "license": "MIT",
      "dependencies": {
        "@types/mdast": "^4.0.0",
        "@types/unist": "^3.0.0",
        "decode-named-character-reference": "^1.0.0",
        "devlop": "^1.0.0",
        "mdast-util-to-string": "^4.0.0",
        "micromark": "^4.0.0",
        "micromark-util-decode-numeric-character-reference": "^2.0.0",
        "micromark-util-decode-string": "^2.0.0",
        "micromark-util-normalize-identifier": "^2.0.0",
        "micromark-util-symbol": "^2.0.0",
        "micromark-util-types": "^2.0.0",
        "unist-util-stringify-position": "^4.0.0"
      },
      "funding": {
        "type": "opencollective",
        "url": "https://opencollective.com/unified"
      }
    },
    "node_modules/@openclaw/feishu/node_modules/mdast-util-from-markdown/node_modules/@types/debug": {
      "version": "4.1.13",
      "inBundle": true,
      "license": "MIT",
      "dependencies": {
        "@types/ms": "*"
      }
    },
    "node_modules/@openclaw/feishu/node_modules/mdast-util-from-markdown/node_modules/@types/mdast": {
      "version": "4.0.4",
      "inBundle": true,
      "license": "MIT",
      "dependencies": {
        "@types/unist": "*"
      }
    },
    "node_modules/@openclaw/feishu/node_modules/mdast-util-from-markdown/node_modules/@types/ms": {
      "version": "2.1.0",
      "inBundle": true,
      "license": "MIT"
    },
    "node_modules/@openclaw/feishu/node_modules/mdast-util-from-markdown/node_modules/@types/unist": {
      "version": "3.0.3",
      "inBundle": true,
      "license": "MIT"
    },
    "node_modules/@openclaw/feishu/node_modules/mdast-util-from-markdown/node_modules/character-entities": {
      "version": "2.0.2",
      "inBundle": true,
      "license": "MIT",
      "funding": {
        "type": "github",
        "url": "https://github.com/sponsors/wooorm"
      }
    },
    "node_modules/@openclaw/feishu/node_modules/mdast-util-from-markdown/node_modules/debug": {
      "version": "4.4.3",
      "inBundle": true,
      "license": "MIT",
      "dependencies": {
        "ms": "^2.1.3"
      },
      "engines": {
        "node": ">=6.0"
      },
      "peerDependenciesMeta": {
        "supports-color": {
          "optional": true
        }
      }
    },
    "node_modules/@openclaw/feishu/node_modules/mdast-util-from-markdown/node_modules/decode-named-character-reference": {
      "version": "1.3.0",
      "inBundle": true,
      "license": "MIT",
      "dependencies": {
        "character-entities": "^2.0.0"
      },
      "funding": {
        "type": "github",
        "url": "https://github.com/sponsors/wooorm"
      }
    },
    "node_modules/@openclaw/feishu/node_modules/mdast-util-from-markdown/node_modules/dequal": {
      "version": "2.0.3",
      "inBundle": true,
      "license": "MIT",
      "engines": {
        "node": ">=6"
      }
    },
    "node_modules/@openclaw/feishu/node_modules/mdast-util-from-markdown/node_modules/devlop": {
      "version": "1.1.0",
      "inBundle": true,
      "license": "MIT",
      "dependencies": {
        "dequal": "^2.0.0"
      },
      "funding": {
        "type": "github",
        "url": "https://github.com/sponsors/wooorm"
      }
    },
    "node_modules/@openclaw/feishu/node_modules/mdast-util-from-markdown/node_modules/mdast-util-to-string": {
      "version": "4.0.0",
      "inBundle": true,
      "license": "MIT",
      "dependencies": {
        "@types/mdast": "^4.0.0"
      },
      "funding": {
        "type": "opencollective",
        "url": "https://opencollective.com/unified"
      }
    },
    "node_modules/@openclaw/feishu/node_modules/mdast-util-from-markdown/node_modules/micromark": {
      "version": "4.0.2",
      "funding": [
        {
          "type": "GitHub Sponsors",
          "url": "https://github.com/sponsors/unifiedjs"
        },
        {
          "type": "OpenCollective",
          "url": "https://opencollective.com/unified"
        }
      ],
      "inBundle": true,
      "license": "MIT",
      "dependencies": {
        "@types/debug": "^4.0.0",
        "debug": "^4.0.0",
        "decode-named-character-reference": "^1.0.0",
        "devlop": "^1.0.0",
        "micromark-core-commonmark": "^2.0.0",
        "micromark-factory-space": "^2.0.0",
        "micromark-util-character": "^2.0.0",
        "micromark-util-chunked": "^2.0.0",
        "micromark-util-combine-extensions": "^2.0.0",
        "micromark-util-decode-numeric-character-reference": "^2.0.0",
        "micromark-util-encode": "^2.0.0",
        "micromark-util-normalize-identifier": "^2.0.0",
        "micromark-util-resolve-all": "^2.0.0",
        "micromark-util-sanitize-uri": "^2.0.0",
        "micromark-util-subtokenize": "^2.0.0",
        "micromark-util-symbol": "^2.0.0",
        "micromark-util-types": "^2.0.0"
      }
    },
    "node_modules/@openclaw/feishu/node_modules/mdast-util-from-markdown/node_modules/micromark-core-commonmark": {
      "version": "2.0.3",
      "funding": [
        {
          "type": "GitHub Sponsors",
          "url": "https://github.com/sponsors/unifiedjs"
        },
        {
          "type": "OpenCollective",
          "url": "https://opencollective.com/unified"
        }
      ],
      "inBundle": true,
      "license": "MIT",
      "dependencies": {
        "decode-named-character-reference": "^1.0.0",
        "devlop": "^1.0.0",
        "micromark-factory-destination": "^2.0.0",
        "micromark-factory-label": "^2.0.0",
        "micromark-factory-space": "^2.0.0",
        "micromark-factory-title": "^2.0.0",
        "micromark-factory-whitespace": "^2.0.0",
        "micromark-util-character": "^2.0.0",
        "micromark-util-chunked": "^2.0.0",
        "micromark-util-classify-character": "^2.0.0",
        "micromark-util-html-tag-name": "^2.0.0",
        "micromark-util-normalize-identifier": "^2.0.0",
        "micromark-util-resolve-all": "^2.0.0",
        "micromark-util-subtokenize": "^2.0.0",
        "micromark-util-symbol": "^2.0.0",
        "micromark-util-types": "^2.0.0"
      }
    },
    "node_modules/@openclaw/feishu/node_modules/mdast-util-from-markdown/node_modules/micromark-factory-destination": {
      "version": "2.0.1",
      "funding": [
        {
          "type": "GitHub Sponsors",
          "url": "https://github.com/sponsors/unifiedjs"
        },
        {
          "type": "OpenCollective",
          "url": "https://opencollective.com/unified"
        }
      ],
      "inBundle": true,
      "license": "MIT",
      "dependencies": {
        "micromark-util-character": "^2.0.0",
        "micromark-util-symbol": "^2.0.0",
        "micromark-util-types": "^2.0.0"
      }
    },
    "node_modules/@openclaw/feishu/node_modules/mdast-util-from-markdown/node_modules/micromark-factory-label": {
      "version": "2.0.1",
      "funding": [
        {
          "type": "GitHub Sponsors",
          "url": "https://github.com/sponsors/unifiedjs"
        },
        {
          "type": "OpenCollective",
          "url": "https://opencollective.com/unified"
        }
      ],
      "inBundle": true,
      "license": "MIT",
      "dependencies": {
        "devlop": "^1.0.0",
        "micromark-util-character": "^2.0.0",
        "micromark-util-symbol": "^2.0.0",
        "micromark-util-types": "^2.0.0"
      }
    },
    "node_modules/@openclaw/feishu/node_modules/mdast-util-from-markdown/node_modules/micromark-factory-space": {
      "version": "2.0.1",
      "funding": [
        {
          "type": "GitHub Sponsors",
          "url": "https://github.com/sponsors/unifiedjs"
        },
        {
          "type": "OpenCollective",
          "url": "https://opencollective.com/unified"
        }
      ],
      "inBundle": true,
      "license": "MIT",
      "dependencies": {
        "micromark-util-character": "^2.0.0",
        "micromark-util-types": "^2.0.0"
      }
    },
    "node_modules/@openclaw/feishu/node_modules/mdast-util-from-markdown/node_modules/micromark-factory-title": {
      "version": "2.0.1",
      "funding": [
        {
          "type": "GitHub Sponsors",
          "url": "https://github.com/sponsors/unifiedjs"
        },
        {
          "type": "OpenCollective",
          "url": "https://opencollective.com/unified"
        }
      ],
      "inBundle": true,
      "license": "MIT",
      "dependencies": {
        "micromark-factory-space": "^2.0.0",
        "micromark-util-character": "^2.0.0",
        "micromark-util-symbol": "^2.0.0",
        "micromark-util-types": "^2.0.0"
      }
    },
    "node_modules/@openclaw/feishu/node_modules/mdast-util-from-markdown/node_modules/micromark-factory-whitespace": {
      "version": "2.0.1",
      "funding": [
        {
          "type": "GitHub Sponsors",
          "url": "https://github.com/sponsors/unifiedjs"
        },
        {
          "type": "OpenCollective",
          "url": "https://opencollective.com/unified"
        }
      ],
      "inBundle": true,
      "license": "MIT",
      "dependencies": {
        "micromark-factory-space": "^2.0.0",
        "micromark-util-character": "^2.0.0",
        "micromark-util-symbol": "^2.0.0",
        "micromark-util-types": "^2.0.0"
      }
    },
    "node_modules/@openclaw/feishu/node_modules/mdast-util-from-markdown/node_modules/micromark-util-character": {
      "version": "2.1.1",
      "funding": [
        {
          "type": "GitHub Sponsors",
          "url": "https://github.com/sponsors/unifiedjs"
        },
        {
          "type": "OpenCollective",
          "url": "https://opencollective.com/unified"
        }
      ],
      "inBundle": true,
      "license": "MIT",
      "dependencies": {
        "micromark-util-symbol": "^2.0.0",
        "micromark-util-types": "^2.0.0"
      }
    },
    "node_modules/@openclaw/feishu/node_modules/mdast-util-from-markdown/node_modules/micromark-util-chunked": {
      "version": "2.0.1",
      "funding": [
        {
          "type": "GitHub Sponsors",
          "url": "https://github.com/sponsors/unifiedjs"
        },
        {
          "type": "OpenCollective",
          "url": "https://opencollective.com/unified"
        }
      ],
      "inBundle": true,
      "license": "MIT",
      "dependencies": {
        "micromark-util-symbol": "^2.0.0"
      }
    },
    "node_modules/@openclaw/feishu/node_modules/mdast-util-from-markdown/node_modules/micromark-util-classify-character": {
      "version": "2.0.1",
      "funding": [
        {
          "type": "GitHub Sponsors",
          "url": "https://github.com/sponsors/unifiedjs"
        },
        {
          "type": "OpenCollective",
          "url": "https://opencollective.com/unified"
        }
      ],
      "inBundle": true,
      "license": "MIT",
      "dependencies": {
        "micromark-util-character": "^2.0.0",
        "micromark-util-symbol": "^2.0.0",
        "micromark-util-types": "^2.0.0"
      }
    },
    "node_modules/@openclaw/feishu/node_modules/mdast-util-from-markdown/node_modules/micromark-util-combine-extensions": {
      "version": "2.0.1",
      "funding": [
        {
          "type": "GitHub Sponsors",
          "url": "https://github.com/sponsors/unifiedjs"
        },
        {
          "type": "OpenCollective",
          "url": "https://opencollective.com/unified"
        }
      ],
      "inBundle": true,
      "license": "MIT",
      "dependencies": {
        "micromark-util-chunked": "^2.0.0",
        "micromark-util-types": "^2.0.0"
      }
    },
    "node_modules/@openclaw/feishu/node_modules/mdast-util-from-markdown/node_modules/micromark-util-decode-numeric-character-reference": {
      "version": "2.0.2",
      "funding": [
        {
          "type": "GitHub Sponsors",
          "url": "https://github.com/sponsors/unifiedjs"
        },
        {
          "type": "OpenCollective",
          "url": "https://opencollective.com/unified"
        }
      ],
      "inBundle": true,
      "license": "MIT",
      "dependencies": {
        "micromark-util-symbol": "^2.0.0"
      }
    },
    "node_modules/@openclaw/feishu/node_modules/mdast-util-from-markdown/node_modules/micromark-util-decode-string": {
      "version": "2.0.1",
      "funding": [
        {
          "type": "GitHub Sponsors",
          "url": "https://github.com/sponsors/unifiedjs"
        },
        {
          "type": "OpenCollective",
          "url": "https://opencollective.com/unified"
        }
      ],
      "inBundle": true,
      "license": "MIT",
      "dependencies": {
        "decode-named-character-reference": "^1.0.0",
        "micromark-util-character": "^2.0.0",
        "micromark-util-decode-numeric-character-reference": "^2.0.0",
        "micromark-util-symbol": "^2.0.0"
      }
    },
    "node_modules/@openclaw/feishu/node_modules/mdast-util-from-markdown/node_modules/micromark-util-encode": {
      "version": "2.0.1",
      "funding": [
        {
          "type": "GitHub Sponsors",
          "url": "https://github.com/sponsors/unifiedjs"
        },
        {
          "type": "OpenCollective",
          "url": "https://opencollective.com/unified"
        }
      ],
      "inBundle": true,
      "license": "MIT"
    },
    "node_modules/@openclaw/feishu/node_modules/mdast-util-from-markdown/node_modules/micromark-util-html-tag-name": {
      "version": "2.0.1",
      "funding": [
        {
          "type": "GitHub Sponsors",
          "url": "https://github.com/sponsors/unifiedjs"
        },
        {
          "type": "OpenCollective",
          "url": "https://opencollective.com/unified"
        }
      ],
      "inBundle": true,
      "license": "MIT"
    },
    "node_modules/@openclaw/feishu/node_modules/mdast-util-from-markdown/node_modules/micromark-util-normalize-identifier": {
      "version": "2.0.1",
      "funding": [
        {
          "type": "GitHub Sponsors",
          "url": "https://github.com/sponsors/unifiedjs"
        },
        {
          "type": "OpenCollective",
          "url": "https://opencollective.com/unified"
        }
      ],
      "inBundle": true,
      "license": "MIT",
      "dependencies": {
        "micromark-util-symbol": "^2.0.0"
      }
    },
    "node_modules/@openclaw/feishu/node_modules/mdast-util-from-markdown/node_modules/micromark-util-resolve-all": {
      "version": "2.0.1",
      "funding": [
        {
          "type": "GitHub Sponsors",
          "url": "https://github.com/sponsors/unifiedjs"
        },
        {
          "type": "OpenCollective",
          "url": "https://opencollective.com/unified"
        }
      ],
      "inBundle": true,
      "license": "MIT",
      "dependencies": {
        "micromark-util-types": "^2.0.0"
      }
    },
    "node_modules/@openclaw/feishu/node_modules/mdast-util-from-markdown/node_modules/micromark-util-sanitize-uri": {
      "version": "2.0.1",
      "funding": [
        {
          "type": "GitHub Sponsors",
          "url": "https://github.com/sponsors/unifiedjs"
        },
        {
          "type": "OpenCollective",
          "url": "https://opencollective.com/unified"
        }
      ],
      "inBundle": true,
      "license": "MIT",
      "dependencies": {
        "micromark-util-character": "^2.0.0",
        "micromark-util-encode": "^2.0.0",
        "micromark-util-symbol": "^2.0.0"
      }
    },
    "node_modules/@openclaw/feishu/node_modules/mdast-util-from-markdown/node_modules/micromark-util-subtokenize": {
      "version": "2.1.0",
      "funding": [
        {
          "type": "GitHub Sponsors",
          "url": "https://github.com/sponsors/unifiedjs"
        },
        {
          "type": "OpenCollective",
          "url": "https://opencollective.com/unified"
        }
      ],
      "inBundle": true,
      "license": "MIT",
      "dependencies": {
        "devlop": "^1.0.0",
        "micromark-util-chunked": "^2.0.0",
        "micromark-util-symbol": "^2.0.0",
        "micromark-util-types": "^2.0.0"
      }
    },
    "node_modules/@openclaw/feishu/node_modules/mdast-util-from-markdown/node_modules/micromark-util-symbol": {
      "version": "2.0.1",
      "funding": [
        {
          "type": "GitHub Sponsors",
          "url": "https://github.com/sponsors/unifiedjs"
        },
        {
          "type": "OpenCollective",
          "url": "https://opencollective.com/unified"
        }
      ],
      "inBundle": true,
      "license": "MIT"
    },
    "node_modules/@openclaw/feishu/node_modules/mdast-util-from-markdown/node_modules/micromark-util-types": {
      "version": "2.0.2",
      "funding": [
        {
          "type": "GitHub Sponsors",
          "url": "https://github.com/sponsors/unifiedjs"
        },
        {
          "type": "OpenCollective",
          "url": "https://opencollective.com/unified"
        }
      ],
      "inBundle": true,
      "license": "MIT"
    },
    "node_modules/@openclaw/feishu/node_modules/mdast-util-from-markdown/node_modules/ms": {
      "version": "2.1.3",
      "inBundle": true,
      "license": "MIT"
    },
    "node_modules/@openclaw/feishu/node_modules/mdast-util-from-markdown/node_modules/unist-util-stringify-position": {
      "version": "4.0.0",
      "inBundle": true,
      "license": "MIT",
      "dependencies": {
        "@types/unist": "^3.0.0"
      },
      "funding": {
        "type": "opencollective",
        "url": "https://opencollective.com/unified"
      }
    },
    "node_modules/@openclaw/feishu/node_modules/mdast-util-gfm-table": {
      "version": "2.0.0",
      "inBundle": true,
      "license": "MIT",
      "dependencies": {
        "@types/mdast": "^4.0.0",
        "devlop": "^1.0.0",
        "markdown-table": "^3.0.0",
        "mdast-util-from-markdown": "^2.0.0",
        "mdast-util-to-markdown": "^2.0.0"
      },
      "funding": {
        "type": "opencollective",
        "url": "https://opencollective.com/unified"
      }
    },
    "node_modules/@openclaw/feishu/node_modules/mdast-util-gfm-table/node_modules/@types/mdast": {
      "version": "4.0.4",
      "inBundle": true,
      "license": "MIT",
      "dependencies": {
        "@types/unist": "*"
      }
    },
    "node_modules/@openclaw/feishu/node_modules/mdast-util-gfm-table/node_modules/@types/unist": {
      "version": "3.0.3",
      "inBundle": true,
      "license": "MIT"
    },
    "node_modules/@openclaw/feishu/node_modules/mdast-util-gfm-table/node_modules/character-entities": {
      "version": "2.0.2",
      "inBundle": true,
      "license": "MIT",
      "funding": {
        "type": "github",
        "url": "https://github.com/sponsors/wooorm"
      }
    },
    "node_modules/@openclaw/feishu/node_modules/mdast-util-gfm-table/node_modules/decode-named-character-reference": {
      "version": "1.3.0",
      "inBundle": true,
      "license": "MIT",
      "dependencies": {
        "character-entities": "^2.0.0"
      },
      "funding": {
        "type": "github",
        "url": "https://github.com/sponsors/wooorm"
      }
    },
    "node_modules/@openclaw/feishu/node_modules/mdast-util-gfm-table/node_modules/dequal": {
      "version": "2.0.3",
      "inBundle": true,
      "license": "MIT",
      "engines": {
        "node": ">=6"
      }
    },
    "node_modules/@openclaw/feishu/node_modules/mdast-util-gfm-table/node_modules/devlop": {
      "version": "1.1.0",
      "inBundle": true,
      "license": "MIT",
      "dependencies": {
        "dequal": "^2.0.0"
      },
      "funding": {
        "type": "github",
        "url": "https://github.com/sponsors/wooorm"
      }
    },
    "node_modules/@openclaw/feishu/node_modules/mdast-util-gfm-table/node_modules/longest-streak": {
      "version": "3.1.0",
      "inBundle": true,
      "license": "MIT",
      "funding": {
        "type": "github",
        "url": "https://github.com/sponsors/wooorm"
      }
    },
    "node_modules/@openclaw/feishu/node_modules/mdast-util-gfm-table/node_modules/markdown-table": {
      "version": "3.0.4",
      "inBundle": true,
      "license": "MIT",
      "funding": {
        "type": "github",
        "url": "https://github.com/sponsors/wooorm"
      }
    },
    "node_modules/@openclaw/feishu/node_modules/mdast-util-gfm-table/node_modules/mdast-util-phrasing": {
      "version": "4.1.0",
      "inBundle": true,
      "license": "MIT",
      "dependencies": {
        "@types/mdast": "^4.0.0",
        "unist-util-is": "^6.0.0"
      },
      "funding": {
        "type": "opencollective",
        "url": "https://opencollective.com/unified"
      }
    },
    "node_modules/@openclaw/feishu/node_modules/mdast-util-gfm-table/node_modules/mdast-util-to-markdown": {
      "version": "2.1.2",
      "inBundle": true,
      "license": "MIT",
      "dependencies": {
        "@types/mdast": "^4.0.0",
        "@types/unist": "^3.0.0",
        "longest-streak": "^3.0.0",
        "mdast-util-phrasing": "^4.0.0",
        "mdast-util-to-string": "^4.0.0",
        "micromark-util-classify-character": "^2.0.0",
        "micromark-util-decode-string": "^2.0.0",
        "unist-util-visit": "^5.0.0",
        "zwitch": "^2.0.0"
      },
      "funding": {
        "type": "opencollective",
        "url": "https://opencollective.com/unified"
      }
    },
    "node_modules/@openclaw/feishu/node_modules/mdast-util-gfm-table/node_modules/mdast-util-to-string": {
      "version": "4.0.0",
      "inBundle": true,
      "license": "MIT",
      "dependencies": {
        "@types/mdast": "^4.0.0"
      },
      "funding": {
        "type": "opencollective",
        "url": "https://opencollective.com/unified"
      }
    },
    "node_modules/@openclaw/feishu/node_modules/mdast-util-gfm-table/node_modules/micromark-util-character": {
      "version": "2.1.1",
      "funding": [
        {
          "type": "GitHub Sponsors",
          "url": "https://github.com/sponsors/unifiedjs"
        },
        {
          "type": "OpenCollective",
          "url": "https://opencollective.com/unified"
        }
      ],
      "inBundle": true,
      "license": "MIT",
      "dependencies": {
        "micromark-util-symbol": "^2.0.0",
        "micromark-util-types": "^2.0.0"
      }
    },
    "node_modules/@openclaw/feishu/node_modules/mdast-util-gfm-table/node_modules/micromark-util-classify-character": {
      "version": "2.0.1",
      "funding": [
        {
          "type": "GitHub Sponsors",
          "url": "https://github.com/sponsors/unifiedjs"
        },
        {
          "type": "OpenCollective",
          "url": "https://opencollective.com/unified"
        }
      ],
      "inBundle": true,
      "license": "MIT",
      "dependencies": {
        "micromark-util-character": "^2.0.0",
        "micromark-util-symbol": "^2.0.0",
        "micromark-util-types": "^2.0.0"
      }
    },
    "node_modules/@openclaw/feishu/node_modules/mdast-util-gfm-table/node_modules/micromark-util-decode-numeric-character-reference": {
      "version": "2.0.2",
      "funding": [
        {
          "type": "GitHub Sponsors",
          "url": "https://github.com/sponsors/unifiedjs"
        },
        {
          "type": "OpenCollective",
          "url": "https://opencollective.com/unified"
        }
      ],
      "inBundle": true,
      "license": "MIT",
      "dependencies": {
        "micromark-util-symbol": "^2.0.0"
      }
    },
    "node_modules/@openclaw/feishu/node_modules/mdast-util-gfm-table/node_modules/micromark-util-decode-string": {
      "version": "2.0.1",
      "funding": [
        {
          "type": "GitHub Sponsors",
          "url": "https://github.com/sponsors/unifiedjs"
        },
        {
          "type": "OpenCollective",
          "url": "https://opencollective.com/unified"
        }
      ],
      "inBundle": true,
      "license": "MIT",
      "dependencies": {
        "decode-named-character-reference": "^1.0.0",
        "micromark-util-character": "^2.0.0",
        "micromark-util-decode-numeric-character-reference": "^2.0.0",
        "micromark-util-symbol": "^2.0.0"
      }
    },
    "node_modules/@openclaw/feishu/node_modules/mdast-util-gfm-table/node_modules/micromark-util-symbol": {
      "version": "2.0.1",
      "funding": [
        {
          "type": "GitHub Sponsors",
          "url": "https://github.com/sponsors/unifiedjs"
        },
        {
          "type": "OpenCollective",
          "url": "https://opencollective.com/unified"
        }
      ],
      "inBundle": true,
      "license": "MIT"
    },
    "node_modules/@openclaw/feishu/node_modules/mdast-util-gfm-table/node_modules/micromark-util-types": {
      "version": "2.0.2",
      "funding": [
        {
          "type": "GitHub Sponsors",
          "url": "https://github.com/sponsors/unifiedjs"
        },
        {
          "type": "OpenCollective",
          "url": "https://opencollective.com/unified"
        }
      ],
      "inBundle": true,
      "license": "MIT"
    },
    "node_modules/@openclaw/feishu/node_modules/mdast-util-gfm-table/node_modules/unist-util-is": {
      "version": "6.0.1",
      "inBundle": true,
      "license": "MIT",
      "dependencies": {
        "@types/unist": "^3.0.0"
      },
      "funding": {
        "type": "opencollective",
        "url": "https://opencollective.com/unified"
      }
    },
    "node_modules/@openclaw/feishu/node_modules/mdast-util-gfm-table/node_modules/unist-util-visit": {
      "version": "5.1.0",
      "inBundle": true,
      "license": "MIT",
      "dependencies": {
        "@types/unist": "^3.0.0",
        "unist-util-is": "^6.0.0",
        "unist-util-visit-parents": "^6.0.0"
      },
      "funding": {
        "type": "opencollective",
        "url": "https://opencollective.com/unified"
      }
    },
    "node_modules/@openclaw/feishu/node_modules/mdast-util-gfm-table/node_modules/unist-util-visit-parents": {
      "version": "6.0.2",
      "inBundle": true,
      "license": "MIT",
      "dependencies": {
        "@types/unist": "^3.0.0",
        "unist-util-is": "^6.0.0"
      },
      "funding": {
        "type": "opencollective",
        "url": "https://opencollective.com/unified"
      }
    },
    "node_modules/@openclaw/feishu/node_modules/mdast-util-gfm-table/node_modules/zwitch": {
      "version": "2.0.4",
      "inBundle": true,
      "license": "MIT",
      "funding": {
        "type": "github",
        "url": "https://github.com/sponsors/wooorm"
      }
    },
    "node_modules/@openclaw/feishu/node_modules/micromark-extension-gfm-table": {
      "version": "2.1.1",
      "inBundle": true,
      "license": "MIT",
      "dependencies": {
        "devlop": "^1.0.0",
        "micromark-factory-space": "^2.0.0",
        "micromark-util-character": "^2.0.0",
        "micromark-util-symbol": "^2.0.0",
        "micromark-util-types": "^2.0.0"
      },
      "funding": {
        "type": "opencollective",
        "url": "https://opencollective.com/unified"
      }
    },
    "node_modules/@openclaw/feishu/node_modules/micromark-extension-gfm-table/node_modules/dequal": {
      "version": "2.0.3",
      "inBundle": true,
      "license": "MIT",
      "engines": {
        "node": ">=6"
      }
    },
    "node_modules/@openclaw/feishu/node_modules/micromark-extension-gfm-table/node_modules/devlop": {
      "version": "1.1.0",
      "inBundle": true,
      "license": "MIT",
      "dependencies": {
        "dequal": "^2.0.0"
      },
      "funding": {
        "type": "github",
        "url": "https://github.com/sponsors/wooorm"
      }
    },
    "node_modules/@openclaw/feishu/node_modules/micromark-extension-gfm-table/node_modules/micromark-factory-space": {
      "version": "2.0.1",
      "funding": [
        {
          "type": "GitHub Sponsors",
          "url": "https://github.com/sponsors/unifiedjs"
        },
        {
          "type": "OpenCollective",
          "url": "https://opencollective.com/unified"
        }
      ],
      "inBundle": true,
      "license": "MIT",
      "dependencies": {
        "micromark-util-character": "^2.0.0",
        "micromark-util-types": "^2.0.0"
      }
    },
    "node_modules/@openclaw/feishu/node_modules/micromark-extension-gfm-table/node_modules/micromark-util-character": {
      "version": "2.1.1",
      "funding": [
        {
          "type": "GitHub Sponsors",
          "url": "https://github.com/sponsors/unifiedjs"
        },
        {
          "type": "OpenCollective",
          "url": "https://opencollective.com/unified"
        }
      ],
      "inBundle": true,
      "license": "MIT",
      "dependencies": {
        "micromark-util-symbol": "^2.0.0",
        "micromark-util-types": "^2.0.0"
      }
    },
    "node_modules/@openclaw/feishu/node_modules/micromark-extension-gfm-table/node_modules/micromark-util-symbol": {
      "version": "2.0.1",
      "funding": [
        {
          "type": "GitHub Sponsors",
          "url": "https://github.com/sponsors/unifiedjs"
        },
        {
          "type": "OpenCollective",
          "url": "https://opencollective.com/unified"
        }
      ],
      "inBundle": true,
      "license": "MIT"
    },
    "node_modules/@openclaw/feishu/node_modules/micromark-extension-gfm-table/node_modules/micromark-util-types": {
      "version": "2.0.2",
      "funding": [
        {
          "type": "GitHub Sponsors",
          "url": "https://github.com/sponsors/unifiedjs"
        },
        {
          "type": "OpenCollective",
          "url": "https://opencollective.com/unified"
        }
      ],
      "inBundle": true,
      "license": "MIT"
    },
    "node_modules/@openclaw/feishu/node_modules/typebox": {
      "version": "1.3.16",
      "inBundle": true,
      "license": "MIT"
    },
    "node_modules/@openclaw/feishu/node_modules/zod": {
      "version": "4.4.3",
      "inBundle": true,
      "license": "MIT",
      "funding": {
        "url": "https://github.com/sponsors/colinhacks"
      }
    }
  }
}
