{
  "name": "@crabpot/fixture-nextcloud-talk",
  "version": "0.0.0",
  "lockfileVersion": 3,
  "requires": true,
  "packages": {
    "": {
      "name": "@crabpot/fixture-nextcloud-talk",
      "version": "0.0.0",
      "dependencies": {
        "@openclaw/nextcloud-talk": "2026.8.1"
      }
    },
    "node_modules/@openclaw/nextcloud-talk": {
      "version": "2026.8.1",
      "resolved": "https://registry.npmjs.org/@openclaw/nextcloud-talk/-/nextcloud-talk-2026.8.1.tgz",
      "integrity": "sha512-buKuNRIciANulWYAgjOrRkx81HiYz0uBbmt45Dteg6mDqPTtNZSN7wVFxCxBufQ1lqlnXmXgjjHRZNA+yi/2vA==",
      "bundleDependencies": [
        "zod"
      ],
      "dependencies": {
        "zod": "4.4.3"
      },
      "peerDependencies": {
        "openclaw": ">=2026.8.1"
      },
      "peerDependenciesMeta": {
        "openclaw": {
          "optional": true
        }
      }
    },
    "node_modules/@openclaw/nextcloud-talk/node_modules/zod": {
      "version": "4.4.3",
      "inBundle": true,
      "license": "MIT",
      "funding": {
        "url": "https://github.com/sponsors/colinhacks"
      }
    }
  }
}
