{
  "name": "@crabpot/fixture-nextcloud-talk",
  "version": "0.0.0",
  "lockfileVersion": 3,
  "requires": true,
  "packages": {
    "": {
      "name": "@crabpot/fixture-nextcloud-talk",
      "version": "0.0.0",
      "dependencies": {
        "@openclaw/nextcloud-talk": "2026.3.13"
      }
    },
    "node_modules/@openclaw/nextcloud-talk": {
      "version": "2026.3.13",
      "resolved": "https://registry.npmjs.org/@openclaw/nextcloud-talk/-/nextcloud-talk-2026.3.13.tgz",
      "integrity": "sha512-zw5uy5FZd6PFp2LqrAR9R9Pn610DHHHbk1p5ZlIadCyW5ECuXDYsEpUzJpcL0P7MN5vCMOkVL+5QDbKGB6R4gQ==",
      "deprecated": "Deprecated: obsolete OpenClaw plugin package version. Use current OpenClaw bundled/plugin distribution; newer npm releases may return later.",
      "dependencies": {
        "zod": "^4.3.6"
      }
    },
    "node_modules/zod": {
      "version": "4.4.2",
      "resolved": "https://registry.npmjs.org/zod/-/zod-4.4.2.tgz",
      "integrity": "sha512-IynmDyxsEsb9RKzO3J9+4SxXnl2FTFSzNBaKKaMV6tsSk0rw9gYw9gs+JFCq/qk2LCZ78KDwyj+Z289TijSkUw==",
      "license": "MIT",
      "funding": {
        "url": "https://github.com/sponsors/colinhacks"
      }
    }
  }
}
