{
  "name": "@crabpot/fixture-nextcloud-talk",
  "version": "0.0.0",
  "lockfileVersion": 3,
  "requires": true,
  "packages": {
    "": {
      "name": "@crabpot/fixture-nextcloud-talk",
      "version": "0.0.0",
      "dependencies": {
        "@openclaw/nextcloud-talk": "2026.9.6"
      }
    },
    "node_modules/@openclaw/nextcloud-talk": {
      "version": "2026.9.6",
      "resolved": "https://registry.npmjs.org/@openclaw/nextcloud-talk/-/nextcloud-talk-2026.9.6.tgz",
      "integrity": "sha512-NyXgMjZ39yfubGsMSFsFSiJ2oB0lv4LkpeEp1t7jRLMD/MfLy0IQLMyQn6xoFaVCWFsCwFwm7jL7vuoNOAUd3A==",
      "bundleDependencies": [
        "zod"
      ],
      "dependencies": {
        "zod": "4.6.5"
      },
      "peerDependencies": {
        "openclaw": ">=2026.9.6"
      },
      "peerDependenciesMeta": {
        "openclaw": {
          "optional": true
        }
      }
    },
    "node_modules/@openclaw/nextcloud-talk/node_modules/zod": {
      "version": "4.6.5",
      "inBundle": true,
      "license": "MIT",
      "funding": {
        "url": "https://github.com/sponsors/colinhacks"
      }
    }
  }
}
