{
  "name": "@crabpot/fixture-zalo",
  "version": "0.0.0",
  "lockfileVersion": 3,
  "requires": true,
  "packages": {
    "": {
      "name": "@crabpot/fixture-zalo",
      "version": "0.0.0",
      "dependencies": {
        "@openclaw/zalo": "2026.9.7"
      }
    },
    "node_modules/@openclaw/zalo": {
      "version": "2026.9.7",
      "resolved": "https://registry.npmjs.org/@openclaw/zalo/-/zalo-2026.9.7.tgz",
      "integrity": "sha512-5Pxq1SPx9tEtlHki46Yt8YAd8zswy0qQTAGLIMV2jppPxCmqc7/zL1TqFanC6DZQV0SFTwo5ia6fn7HhoOl6LA==",
      "bundleDependencies": [
        "zod"
      ],
      "dependencies": {
        "zod": "4.6.5"
      },
      "peerDependencies": {
        "openclaw": ">=2026.9.7"
      },
      "peerDependenciesMeta": {
        "openclaw": {
          "optional": true
        }
      }
    },
    "node_modules/@openclaw/zalo/node_modules/zod": {
      "version": "4.6.5",
      "inBundle": true,
      "license": "MIT",
      "funding": {
        "url": "https://github.com/sponsors/colinhacks"
      }
    }
  }
}
