{
  "name": "@crabpot/fixture-zalo",
  "version": "0.0.0",
  "lockfileVersion": 3,
  "requires": true,
  "packages": {
    "": {
      "name": "@crabpot/fixture-zalo",
      "version": "0.0.0",
      "dependencies": {
        "@openclaw/zalo": "2026.8.1"
      }
    },
    "node_modules/@openclaw/zalo": {
      "version": "2026.8.1",
      "resolved": "https://registry.npmjs.org/@openclaw/zalo/-/zalo-2026.8.1.tgz",
      "integrity": "sha512-mBoSaGgazGuHxVsWkz9Kj+7XoSqt3FsPRNofQ3flnASqikmjy+vllB9ftTlcr3RIB3Xfu1ErN+4dBn5qFFq6SA==",
      "bundleDependencies": [
        "zod"
      ],
      "dependencies": {
        "zod": "4.4.3"
      },
      "peerDependencies": {
        "openclaw": ">=2026.8.1"
      },
      "peerDependenciesMeta": {
        "openclaw": {
          "optional": true
        }
      }
    },
    "node_modules/@openclaw/zalo/node_modules/zod": {
      "version": "4.4.3",
      "inBundle": true,
      "license": "MIT",
      "funding": {
        "url": "https://github.com/sponsors/colinhacks"
      }
    }
  }
}
