{
  "name": "@crabpot/fixture-zalo",
  "version": "0.0.0",
  "lockfileVersion": 3,
  "requires": true,
  "packages": {
    "": {
      "name": "@crabpot/fixture-zalo",
      "version": "0.0.0",
      "dependencies": {
        "@openclaw/zalo": "2026.9.5"
      }
    },
    "node_modules/@openclaw/zalo": {
      "version": "2026.9.5",
      "resolved": "https://registry.npmjs.org/@openclaw/zalo/-/zalo-2026.9.5.tgz",
      "integrity": "sha512-j62Dh4rdSsn6zLvs32g12AoxZLEf3xD72eyplwowlA0BygNB/cpOEIMYcLgo2rxbOrnD1i+Pyrc5pWiEkh9nrg==",
      "bundleDependencies": [
        "zod"
      ],
      "dependencies": {
        "zod": "4.5.4"
      },
      "peerDependencies": {
        "openclaw": ">=2026.9.5"
      },
      "peerDependenciesMeta": {
        "openclaw": {
          "optional": true
        }
      }
    },
    "node_modules/@openclaw/zalo/node_modules/zod": {
      "version": "4.5.4",
      "inBundle": true,
      "license": "MIT",
      "funding": {
        "url": "https://github.com/sponsors/colinhacks"
      }
    }
  }
}
