{
  "name": "@crabpot/fixture-lobster",
  "version": "0.0.0",
  "lockfileVersion": 3,
  "requires": true,
  "packages": {
    "": {
      "name": "@crabpot/fixture-lobster",
      "version": "0.0.0",
      "dependencies": {
        "@openclaw/lobster": "2026.3.13"
      }
    },
    "node_modules/@openclaw/lobster": {
      "version": "2026.3.13",
      "resolved": "https://registry.npmjs.org/@openclaw/lobster/-/lobster-2026.3.13.tgz",
      "integrity": "sha512-4ezsGiYPANwzEJ0QAZ0TqhaMfhvdBcXupTc4TPqEALk+0lbuO9+y5MQkeDCZKaRGQfKmeX0yhgHhqOWLTdGwww==",
      "deprecated": "Deprecated: obsolete OpenClaw plugin package version. Use current OpenClaw bundled/plugin distribution; newer npm releases may return later.",
      "dependencies": {
        "@sinclair/typebox": "0.34.48"
      }
    },
    "node_modules/@sinclair/typebox": {
      "version": "0.34.48",
      "resolved": "https://registry.npmjs.org/@sinclair/typebox/-/typebox-0.34.48.tgz",
      "integrity": "sha512-kKJTNuK3AQOrgjjotVxMrCn1sUJwM76wMszfq1kdU4uYVJjvEWuFQ6HgvLt4Xz3fSmZlTOxJ/Ie13KnIcWQXFA==",
      "license": "MIT"
    }
  }
}
