{
  "name": "@crabpot/fixture-tlon",
  "version": "0.0.0",
  "lockfileVersion": 3,
  "requires": true,
  "packages": {
    "": {
      "name": "@crabpot/fixture-tlon",
      "version": "0.0.0",
      "dependencies": {
        "@openclaw/tlon": "2026.2.21"
      }
    },
    "node_modules/@openclaw/tlon": {
      "version": "2026.2.21",
      "resolved": "https://registry.npmjs.org/@openclaw/tlon/-/tlon-2026.2.21.tgz",
      "integrity": "sha512-RTm9SFRwabR36jdVm7YZpZcpqf3m+Yu2AsGRsmWLK2qVmz6RLWrv1fWRapirL2LlUYJTEPJkYwanhjrQqssHrg==",
      "deprecated": "Deprecated: obsolete OpenClaw plugin package version. Use current OpenClaw bundled/plugin distribution; newer npm releases may return later.",
      "dependencies": {
        "@urbit/aura": "^3.0.0"
      }
    },
    "node_modules/@urbit/aura": {
      "version": "3.0.0",
      "resolved": "https://registry.npmjs.org/@urbit/aura/-/aura-3.0.0.tgz",
      "integrity": "sha512-N8/FHc/lmlMDCumMuTXyRHCxlov5KZY6unmJ9QR2GOw+OpROZMBsXYGwE+ZMtvN21ql9+Xb8KhGNBj08IrG3Wg==",
      "license": "MIT",
      "engines": {
        "node": ">=16",
        "npm": ">=8"
      }
    }
  }
}
