{
  "name": "@crabpot/fixture-mattermost",
  "version": "0.0.0",
  "lockfileVersion": 3,
  "requires": true,
  "packages": {
    "": {
      "name": "@crabpot/fixture-mattermost",
      "version": "0.0.0",
      "dependencies": {
        "@openclaw/mattermost": "2026.8.1"
      }
    },
    "node_modules/@openclaw/mattermost": {
      "version": "2026.8.1",
      "resolved": "https://registry.npmjs.org/@openclaw/mattermost/-/mattermost-2026.8.1.tgz",
      "integrity": "sha512-N/70n0Skno2h8glCSwbcNKkn65wl2rxE0H/CvzZvw8QB2roHOJ6rfAiyHGVary2Cu3ltT3et5Qub0C9gp/tg1A==",
      "bundleDependencies": [
        "ws",
        "zod"
      ],
      "dependencies": {
        "ws": "8.21.3",
        "zod": "4.4.3"
      },
      "peerDependencies": {
        "openclaw": ">=2026.8.1"
      },
      "peerDependenciesMeta": {
        "openclaw": {
          "optional": true
        }
      }
    },
    "node_modules/@openclaw/mattermost/node_modules/ws": {
      "version": "8.21.3",
      "inBundle": true,
      "license": "MIT",
      "engines": {
        "node": ">=10.0.0"
      },
      "peerDependencies": {
        "bufferutil": "^4.0.1",
        "utf-8-validate": ">=5.0.2"
      },
      "peerDependenciesMeta": {
        "bufferutil": {
          "optional": true
        },
        "utf-8-validate": {
          "optional": true
        }
      }
    },
    "node_modules/@openclaw/mattermost/node_modules/zod": {
      "version": "4.4.3",
      "inBundle": true,
      "license": "MIT",
      "funding": {
        "url": "https://github.com/sponsors/colinhacks"
      }
    }
  }
}
