{
  "name": "@crabpot/fixture-mattermost",
  "version": "0.0.0",
  "lockfileVersion": 3,
  "requires": true,
  "packages": {
    "": {
      "name": "@crabpot/fixture-mattermost",
      "version": "0.0.0",
      "dependencies": {
        "@openclaw/mattermost": "2026.2.21"
      }
    },
    "node_modules/@openclaw/mattermost": {
      "version": "2026.2.21",
      "resolved": "https://registry.npmjs.org/@openclaw/mattermost/-/mattermost-2026.2.21.tgz",
      "integrity": "sha512-FUQsyJ3YMRXjFCzjEmtET0hrfUJSDi//GVaAUkixrH6aC0tS/j23rXfaZW4LkT1N+d046jXCl+tmWiieUAa6QA==",
      "deprecated": "Deprecated: obsolete OpenClaw plugin package version. Use current OpenClaw bundled/plugin distribution; newer npm releases may return later."
    }
  }
}
