{
  "name": "@crabpot/fixture-diagnostics-prometheus",
  "version": "0.0.0",
  "lockfileVersion": 3,
  "requires": true,
  "packages": {
    "": {
      "name": "@crabpot/fixture-diagnostics-prometheus",
      "version": "0.0.0",
      "dependencies": {
        "@openclaw/diagnostics-prometheus": "2026.9.5"
      }
    },
    "node_modules/@openclaw/diagnostics-prometheus": {
      "version": "2026.9.5",
      "resolved": "https://registry.npmjs.org/@openclaw/diagnostics-prometheus/-/diagnostics-prometheus-2026.9.5.tgz",
      "integrity": "sha512-vdXP/DcJiRrJCQW2czp/ooAh2+Sd7ra6LxpSYGZMDdppgUmbSsYsRKsIvA9UiSWjZCTJ5NwgEiFr53uaXJ1dzQ==",
      "peerDependencies": {
        "openclaw": ">=2026.9.5"
      },
      "peerDependenciesMeta": {
        "openclaw": {
          "optional": true
        }
      }
    }
  }
}
