{
  "name": "@crabpot/fixture-diagnostics-prometheus",
  "version": "0.0.0",
  "lockfileVersion": 3,
  "requires": true,
  "packages": {
    "": {
      "name": "@crabpot/fixture-diagnostics-prometheus",
      "version": "0.0.0",
      "dependencies": {
        "@openclaw/diagnostics-prometheus": "2026.9.7"
      }
    },
    "node_modules/@openclaw/diagnostics-prometheus": {
      "version": "2026.9.7",
      "resolved": "https://registry.npmjs.org/@openclaw/diagnostics-prometheus/-/diagnostics-prometheus-2026.9.7.tgz",
      "integrity": "sha512-DH4l+FHXyg2x5QOUNHP3DlKmiX5lbD7oaXLU06Aj/y7BMGsT2QQcOfApbxGSS2qbX7DorD6YxAWJ7eu81PxgQQ==",
      "peerDependencies": {
        "openclaw": ">=2026.9.7"
      },
      "peerDependenciesMeta": {
        "openclaw": {
          "optional": true
        }
      }
    }
  }
}
