{
  "name": "@crabpot/fixture-diagnostics-prometheus",
  "version": "0.0.0",
  "lockfileVersion": 3,
  "requires": true,
  "packages": {
    "": {
      "name": "@crabpot/fixture-diagnostics-prometheus",
      "version": "0.0.0",
      "dependencies": {
        "@openclaw/diagnostics-prometheus": "2026.5.1-beta.2"
      }
    },
    "node_modules/@openclaw/diagnostics-prometheus": {
      "version": "2026.5.1-beta.2",
      "resolved": "https://registry.npmjs.org/@openclaw/diagnostics-prometheus/-/diagnostics-prometheus-2026.5.1-beta.2.tgz",
      "integrity": "sha512-R0iQAXYT3OFNBDqUxOFnH3TUHVWBvSJqbMC3rZvjdfBJP5q1dEYsoogOJF7wwzACARRaZP3GvOZ9RTwdgqmmdw=="
    }
  }
}
