{
  "name": "@crabpot/fixture-bluebubbles",
  "version": "0.0.0",
  "lockfileVersion": 3,
  "requires": true,
  "packages": {
    "": {
      "name": "@crabpot/fixture-bluebubbles",
      "version": "0.0.0",
      "dependencies": {
        "@openclaw/bluebubbles": "2026.3.13"
      }
    },
    "node_modules/@openclaw/bluebubbles": {
      "version": "2026.3.13",
      "resolved": "https://registry.npmjs.org/@openclaw/bluebubbles/-/bluebubbles-2026.3.13.tgz",
      "integrity": "sha512-yfLftVZDZFMjJJGbg1SObi4G81lEHXnlNXnT4Ezx0y0UDw3y11NYj21qNMaz+K1DUYNBQomFVLS6NZ6c74RF7g==",
      "deprecated": "Deprecated: obsolete OpenClaw plugin package version. Use current OpenClaw bundled/plugin distribution; newer npm releases may return later.",
      "dependencies": {
        "zod": "^4.3.6"
      }
    },
    "node_modules/zod": {
      "version": "4.4.2",
      "resolved": "https://registry.npmjs.org/zod/-/zod-4.4.2.tgz",
      "integrity": "sha512-IynmDyxsEsb9RKzO3J9+4SxXnl2FTFSzNBaKKaMV6tsSk0rw9gYw9gs+JFCq/qk2LCZ78KDwyj+Z289TijSkUw==",
      "license": "MIT",
      "funding": {
        "url": "https://github.com/sponsors/colinhacks"
      }
    }
  }
}
