{
  "name": "@crabpot/fixture-bluebubbles",
  "version": "0.0.0",
  "lockfileVersion": 3,
  "requires": true,
  "packages": {
    "": {
      "name": "@crabpot/fixture-bluebubbles",
      "version": "0.0.0",
      "dependencies": {
        "@openclaw/bluebubbles": "2026.5.7"
      }
    },
    "node_modules/@openclaw/bluebubbles": {
      "version": "2026.5.7",
      "resolved": "https://registry.npmjs.org/@openclaw/bluebubbles/-/bluebubbles-2026.5.7.tgz",
      "integrity": "sha512-TmMOCxsts0ruRuGvrVCdiUfG1RpbY6VqMQuSouNhTPDQeq4aQAD9poBYP5kM65574Q9rl1wVvnfQHIbHkpo4Ag==",
      "peerDependencies": {
        "openclaw": ">=2026.5.7"
      },
      "peerDependenciesMeta": {
        "openclaw": {
          "optional": true
        }
      }
    }
  }
}
