{
  "name": "@crabpot/fixture-discord",
  "version": "0.0.0",
  "lockfileVersion": 3,
  "requires": true,
  "packages": {
    "": {
      "name": "@crabpot/fixture-discord",
      "version": "0.0.0",
      "dependencies": {
        "@openclaw/discord": "2026.3.13"
      }
    },
    "node_modules/@openclaw/discord": {
      "version": "2026.3.13",
      "resolved": "https://registry.npmjs.org/@openclaw/discord/-/discord-2026.3.13.tgz",
      "integrity": "sha512-uYCzMmpYVhFPD0TstMmnTNBk9N3Uk/VsZivjr8V/B7g7ajI5HPgsiHBjCLrTmmJZKsVnauo0pAIx/aBcKejYpQ==",
      "deprecated": "Deprecated: obsolete OpenClaw plugin package version. Use current OpenClaw bundled/plugin distribution; newer npm releases may return later."
    }
  }
}
