{
  "name": "@crabpot/fixture-codex",
  "version": "0.0.0",
  "lockfileVersion": 3,
  "requires": true,
  "packages": {
    "": {
      "name": "@crabpot/fixture-codex",
      "version": "0.0.0",
      "dependencies": {
        "@openclaw/codex": "2026.9.7"
      }
    },
    "node_modules/@openai/codex": {
      "version": "0.158.0",
      "resolved": "https://registry.npmjs.org/@openai/codex/-/codex-0.158.0.tgz",
      "integrity": "sha512-GBhcKpQmVLsCtEP5mUf6WFye6QQgTKotwsXrYPM0GFmEsoOSahik6hkf2FHabX9kZBl0Y0/PQowLu7uYMKT8dg==",
      "license": "Apache-2.0",
      "bin": {
        "codex": "bin/codex.js"
      },
      "engines": {
        "node": ">=16"
      },
      "optionalDependencies": {
        "@openai/codex-darwin-arm64": "npm:@openai/codex@0.158.0-darwin-arm64",
        "@openai/codex-darwin-x64": "npm:@openai/codex@0.158.0-darwin-x64",
        "@openai/codex-linux-arm64": "npm:@openai/codex@0.158.0-linux-arm64",
        "@openai/codex-linux-x64": "npm:@openai/codex@0.158.0-linux-x64",
        "@openai/codex-win32-arm64": "npm:@openai/codex@0.158.0-win32-arm64",
        "@openai/codex-win32-x64": "npm:@openai/codex@0.158.0-win32-x64"
      }
    },
    "node_modules/@openai/codex-darwin-arm64": {
      "name": "@openai/codex",
      "version": "0.158.0-darwin-arm64",
      "resolved": "https://registry.npmjs.org/@openai/codex/-/codex-0.158.0-darwin-arm64.tgz",
      "integrity": "sha512-0OKSjlWY1j4Ld1fT87QttNw3Y2SthcXi4GcrWSHjleZg1n86eG3+shJl4Pv+siUmsBJhWlNmm6rRO4Yv8ZyQLg==",
      "cpu": [
        "arm64"
      ],
      "license": "Apache-2.0",
      "optional": true,
      "os": [
        "darwin"
      ],
      "engines": {
        "node": ">=16"
      }
    },
    "node_modules/@openai/codex-darwin-x64": {
      "name": "@openai/codex",
      "version": "0.158.0-darwin-x64",
      "resolved": "https://registry.npmjs.org/@openai/codex/-/codex-0.158.0-darwin-x64.tgz",
      "integrity": "sha512-FrX1o3APrL7F6QkO8z08Rq8lJitH2sNI7pkebA02eYA103hDs3fyy9d32zeLLQJUeAhmZA4pV9xJR4m7cVyNpQ==",
      "cpu": [
        "x64"
      ],
      "license": "Apache-2.0",
      "optional": true,
      "os": [
        "darwin"
      ],
      "engines": {
        "node": ">=16"
      }
    },
    "node_modules/@openai/codex-linux-arm64": {
      "name": "@openai/codex",
      "version": "0.158.0-linux-arm64",
      "resolved": "https://registry.npmjs.org/@openai/codex/-/codex-0.158.0-linux-arm64.tgz",
      "integrity": "sha512-T9AgGcoU7HNsxJ4prT/R9YvztyEmz9kWP/VlT2cbCop4PVwiqfG9YMJtLo4j2ScewvSaTl4sQFwla+fwGpoRZg==",
      "cpu": [
        "arm64"
      ],
      "license": "Apache-2.0",
      "optional": true,
      "os": [
        "linux"
      ],
      "engines": {
        "node": ">=16"
      }
    },
    "node_modules/@openai/codex-linux-x64": {
      "name": "@openai/codex",
      "version": "0.158.0-linux-x64",
      "resolved": "https://registry.npmjs.org/@openai/codex/-/codex-0.158.0-linux-x64.tgz",
      "integrity": "sha512-mY12GZPM8TuOWVGxCyNV2NSA8t1uIupm9Nhu9VeQVEvvxBKN08U8bLH+vn7oISUHZPC8bwhROIbo/ZUxqV6XMg==",
      "cpu": [
        "x64"
      ],
      "license": "Apache-2.0",
      "optional": true,
      "os": [
        "linux"
      ],
      "engines": {
        "node": ">=16"
      }
    },
    "node_modules/@openai/codex-win32-arm64": {
      "name": "@openai/codex",
      "version": "0.158.0-win32-arm64",
      "resolved": "https://registry.npmjs.org/@openai/codex/-/codex-0.158.0-win32-arm64.tgz",
      "integrity": "sha512-Jw1u0q0+5PG97jPkINxE3UCFtsYBN8Af+IjjM0zlCO675Sv5lNsXU2K9aIaXwVeQIKw8q2lbPAR4SEkq2rSOoA==",
      "cpu": [
        "arm64"
      ],
      "license": "Apache-2.0",
      "optional": true,
      "os": [
        "win32"
      ],
      "engines": {
        "node": ">=16"
      }
    },
    "node_modules/@openai/codex-win32-x64": {
      "name": "@openai/codex",
      "version": "0.158.0-win32-x64",
      "resolved": "https://registry.npmjs.org/@openai/codex/-/codex-0.158.0-win32-x64.tgz",
      "integrity": "sha512-IaUmY11Zdqa/Zok6kE0Z5375pXtClKRbS8P1Gh2C73Aq65CaGn9N8gT6BXGC3+XD6yamAIiEQW5xM842UCCGow==",
      "cpu": [
        "x64"
      ],
      "license": "Apache-2.0",
      "optional": true,
      "os": [
        "win32"
      ],
      "engines": {
        "node": ">=16"
      }
    },
    "node_modules/@openclaw/codex": {
      "version": "2026.9.7",
      "resolved": "https://registry.npmjs.org/@openclaw/codex/-/codex-2026.9.7.tgz",
      "integrity": "sha512-/ShmIXyE3nJgc8FDnNItegY+xNrulgO11CzO2VW/RVy+Jp9RhJl1lymtsDMOZUb9kr9AEnRcpHt/8GIsknpA+g==",
      "dependencies": {
        "@openai/codex": "0.158.0",
        "@openclaw/fs-safe": "0.21.1",
        "semver": "7.8.5",
        "smol-toml": "1.8.0",
        "typebox": "1.3.34",
        "ws": "8.21.3",
        "zod": "4.6.5"
      },
      "peerDependencies": {
        "openclaw": ">=2026.9.7"
      },
      "peerDependenciesMeta": {
        "openclaw": {
          "optional": true
        }
      }
    },
    "node_modules/@openclaw/fs-safe": {
      "version": "0.21.1",
      "resolved": "https://registry.npmjs.org/@openclaw/fs-safe/-/fs-safe-0.21.1.tgz",
      "integrity": "sha512-jkowVEniLZBi203tncmZTvh0Cbby0rhKaPIaWFo7F+qiABOsE/6lsPATVyyqzrcj/t+FqFADhwXKsrlw5UJL1Q==",
      "license": "MIT",
      "engines": {
        "node": ">=22"
      },
      "optionalDependencies": {
        "@openclaw/fs-safe-darwin-arm64": "0.21.1",
        "@openclaw/fs-safe-darwin-x64": "0.21.1",
        "@openclaw/fs-safe-linux-arm64-gnu": "0.21.1",
        "@openclaw/fs-safe-linux-arm64-musl": "0.21.1",
        "@openclaw/fs-safe-linux-x64-gnu": "0.21.1",
        "@openclaw/fs-safe-linux-x64-musl": "0.21.1",
        "@openclaw/fs-safe-win32-x64-msvc": "0.21.1",
        "jszip": "^3.10.2"
      }
    },
    "node_modules/@openclaw/fs-safe-darwin-arm64": {
      "version": "0.21.1",
      "resolved": "https://registry.npmjs.org/@openclaw/fs-safe-darwin-arm64/-/fs-safe-darwin-arm64-0.21.1.tgz",
      "integrity": "sha512-w/wTLHb4xUjqfOEEc2C3LgRsJY4B9boemv9a5lL5o9HIixNMyQeS7ZHg3Lu1COuN2NTUHVP/0k47aqf5R+Sb9Q==",
      "cpu": [
        "arm64"
      ],
      "license": "MIT",
      "optional": true,
      "os": [
        "darwin"
      ],
      "engines": {
        "node": ">=22"
      }
    },
    "node_modules/@openclaw/fs-safe-darwin-x64": {
      "version": "0.21.1",
      "resolved": "https://registry.npmjs.org/@openclaw/fs-safe-darwin-x64/-/fs-safe-darwin-x64-0.21.1.tgz",
      "integrity": "sha512-Pr1IZ6o/tmcNVf4Bnk+EyIQM/LmCT8ghJhC7DvbV50T4C4LILZHstpgqpJ/kObN6nxTtcZHSQVimLCxQttewEg==",
      "cpu": [
        "x64"
      ],
      "license": "MIT",
      "optional": true,
      "os": [
        "darwin"
      ],
      "engines": {
        "node": ">=22"
      }
    },
    "node_modules/@openclaw/fs-safe-linux-arm64-gnu": {
      "version": "0.21.1",
      "resolved": "https://registry.npmjs.org/@openclaw/fs-safe-linux-arm64-gnu/-/fs-safe-linux-arm64-gnu-0.21.1.tgz",
      "integrity": "sha512-iDAquggPOTpl+gGgKNMIPZ1Rv6/UmeWZ05ansXsAc4RzJ1D/nEMfzahKNGfI3wRA7d1n1UUEDSHiHq0IlzVTEA==",
      "cpu": [
        "arm64"
      ],
      "libc": [
        "glibc"
      ],
      "license": "MIT",
      "optional": true,
      "os": [
        "linux"
      ],
      "engines": {
        "node": ">=22"
      }
    },
    "node_modules/@openclaw/fs-safe-linux-arm64-musl": {
      "version": "0.21.1",
      "resolved": "https://registry.npmjs.org/@openclaw/fs-safe-linux-arm64-musl/-/fs-safe-linux-arm64-musl-0.21.1.tgz",
      "integrity": "sha512-PtOwZHdU/pIuHA0Mh1UgtUzNwwF+k5mitzIt3FBLWU4GZAncE7ut9yauQUbQyvraa6C0SYJCYnF6WGaascZNrQ==",
      "cpu": [
        "arm64"
      ],
      "libc": [
        "musl"
      ],
      "license": "MIT",
      "optional": true,
      "os": [
        "linux"
      ],
      "engines": {
        "node": ">=22"
      }
    },
    "node_modules/@openclaw/fs-safe-linux-x64-gnu": {
      "version": "0.21.1",
      "resolved": "https://registry.npmjs.org/@openclaw/fs-safe-linux-x64-gnu/-/fs-safe-linux-x64-gnu-0.21.1.tgz",
      "integrity": "sha512-Hv0CUGDrjsixmhbUvS/lyPI6gJGuoTUjLxUAsL2piEzgt3ipysj9LB49J0ZPFfPikX5swwpDoljFGkz/qNifSw==",
      "cpu": [
        "x64"
      ],
      "libc": [
        "glibc"
      ],
      "license": "MIT",
      "optional": true,
      "os": [
        "linux"
      ],
      "engines": {
        "node": ">=22"
      }
    },
    "node_modules/@openclaw/fs-safe-linux-x64-musl": {
      "version": "0.21.1",
      "resolved": "https://registry.npmjs.org/@openclaw/fs-safe-linux-x64-musl/-/fs-safe-linux-x64-musl-0.21.1.tgz",
      "integrity": "sha512-QxmWIl18XRKluvFINf8s/urbvM2Kw7+Lfp1ABg5GLBqtr5VQo5bYbVfO7OzrXahHew4/YCbVQIKu5YxiO+3utA==",
      "cpu": [
        "x64"
      ],
      "libc": [
        "musl"
      ],
      "license": "MIT",
      "optional": true,
      "os": [
        "linux"
      ],
      "engines": {
        "node": ">=22"
      }
    },
    "node_modules/@openclaw/fs-safe-win32-x64-msvc": {
      "version": "0.21.1",
      "resolved": "https://registry.npmjs.org/@openclaw/fs-safe-win32-x64-msvc/-/fs-safe-win32-x64-msvc-0.21.1.tgz",
      "integrity": "sha512-6oOAOW9I+aFuW2Cl69EvloociD7ybO0/RRVwmoF/tiyrjO3GbuR4KYJbdRyfg7jkhLdhe6TJclGTPlwfMbQRcQ==",
      "cpu": [
        "x64"
      ],
      "license": "MIT",
      "optional": true,
      "os": [
        "win32"
      ],
      "engines": {
        "node": ">=22"
      }
    },
    "node_modules/core-util-is": {
      "version": "1.0.3",
      "resolved": "https://registry.npmjs.org/core-util-is/-/core-util-is-1.0.3.tgz",
      "integrity": "sha512-ZQBvi1DcpJ4GDqanjucZ2Hj3wEO5pZDS89BWbkcrvdxksJorwUDDZamX9ldFkp9aw2lmBDLgkObEA4DWNJ9FYQ==",
      "license": "MIT",
      "optional": true
    },
    "node_modules/immediate": {
      "version": "3.0.6",
      "resolved": "https://registry.npmjs.org/immediate/-/immediate-3.0.6.tgz",
      "integrity": "sha512-XXOFtyqDjNDAQxVfYxuF7g9Il/IbWmmlQg2MYKOH8ExIT1qg6xc4zyS3HaEEATgs1btfzxq15ciUiY7gjSXRGQ==",
      "license": "MIT",
      "optional": true
    },
    "node_modules/inherits": {
      "version": "2.0.4",
      "resolved": "https://registry.npmjs.org/inherits/-/inherits-2.0.4.tgz",
      "integrity": "sha512-k/vGaX4/Yla3WzyMCvTQOXYeIHvqOKtnqBduzTHpzpQZzAskKMhZ2K+EnBiSM9zGSoIFeMpXKxa4dYeZIQqewQ==",
      "license": "ISC",
      "optional": true
    },
    "node_modules/isarray": {
      "version": "1.0.0",
      "resolved": "https://registry.npmjs.org/isarray/-/isarray-1.0.0.tgz",
      "integrity": "sha512-VLghIWNM6ELQzo7zwmcg0NmTVyWKYjvIeM83yjp0wRDTmUnrM678fQbcKBo6n2CJEF0szoG//ytg+TKla89ALQ==",
      "license": "MIT",
      "optional": true
    },
    "node_modules/jszip": {
      "version": "3.10.2",
      "resolved": "https://registry.npmjs.org/jszip/-/jszip-3.10.2.tgz",
      "integrity": "sha512-3l+rb15IOWtUhU0H5MFqES/T6Kh7abYwjosBey/vD6hDt8zoEffkSC5Ws5SGtgVw3gBx2NEbhTeSW1+kWkpyTQ==",
      "license": "(MIT OR GPL-3.0-or-later)",
      "optional": true,
      "dependencies": {
        "lie": "~3.3.0",
        "pako": "~1.0.2",
        "readable-stream": "~2.3.6",
        "setimmediate": "^1.0.5"
      }
    },
    "node_modules/lie": {
      "version": "3.3.0",
      "resolved": "https://registry.npmjs.org/lie/-/lie-3.3.0.tgz",
      "integrity": "sha512-UaiMJzeWRlEujzAuw5LokY1L5ecNQYZKfmyZ9L7wDHb/p5etKaxXhohBcrw0EYby+G/NA52vRSN4N39dxHAIwQ==",
      "license": "MIT",
      "optional": true,
      "dependencies": {
        "immediate": "~3.0.5"
      }
    },
    "node_modules/pako": {
      "version": "1.0.11",
      "resolved": "https://registry.npmjs.org/pako/-/pako-1.0.11.tgz",
      "integrity": "sha512-4hLB8Py4zZce5s4yd9XzopqwVv/yGNhV1Bl8NTmCq1763HeK2+EwVTv+leGeL13Dnh2wfbqowVPXCIO0z4taYw==",
      "license": "(MIT AND Zlib)",
      "optional": true
    },
    "node_modules/process-nextick-args": {
      "version": "2.0.1",
      "resolved": "https://registry.npmjs.org/process-nextick-args/-/process-nextick-args-2.0.1.tgz",
      "integrity": "sha512-3ouUOpQhtgrbOa17J7+uxOTpITYWaGP7/AhoR3+A+/1e9skrzelGi/dXzEYyvbxubEF6Wn2ypscTKiKJFFn1ag==",
      "license": "MIT",
      "optional": true
    },
    "node_modules/readable-stream": {
      "version": "2.3.8",
      "resolved": "https://registry.npmjs.org/readable-stream/-/readable-stream-2.3.8.tgz",
      "integrity": "sha512-8p0AUk4XODgIewSi0l8Epjs+EVnWiK7NoDIEGU0HhE7+ZyY8D1IMY7odu5lRrFXGg71L15KG8QrPmum45RTtdA==",
      "license": "MIT",
      "optional": true,
      "dependencies": {
        "core-util-is": "~1.0.0",
        "inherits": "~2.0.3",
        "isarray": "~1.0.0",
        "process-nextick-args": "~2.0.0",
        "safe-buffer": "~5.1.1",
        "string_decoder": "~1.1.1",
        "util-deprecate": "~1.0.1"
      }
    },
    "node_modules/safe-buffer": {
      "version": "5.1.2",
      "resolved": "https://registry.npmjs.org/safe-buffer/-/safe-buffer-5.1.2.tgz",
      "integrity": "sha512-Gd2UZBJDkXlY7GbJxfsE8/nvKkUEU1G38c1siN6QP6a9PT9MmHB8GnpscSmMJSoF8LOIrt8ud/wPtojys4G6+g==",
      "license": "MIT",
      "optional": true
    },
    "node_modules/semver": {
      "version": "7.8.5",
      "resolved": "https://registry.npmjs.org/semver/-/semver-7.8.5.tgz",
      "integrity": "sha512-Y7/KDsb8LjooZpwaqGyulO6DQlksgCncchHGk+sZIY4SBvUocMBEFH5Ur1fI4dV+Jvl0w6cjvucaIi40puRioA==",
      "license": "ISC",
      "bin": {
        "semver": "bin/semver.js"
      },
      "engines": {
        "node": ">=10"
      }
    },
    "node_modules/setimmediate": {
      "version": "1.0.5",
      "resolved": "https://registry.npmjs.org/setimmediate/-/setimmediate-1.0.5.tgz",
      "integrity": "sha512-MATJdZp8sLqDl/68LfQmbP8zKPLQNV6BIZoIgrscFDQ+RsvK/BxeDQOgyxKKoh0y/8h3BqVFnCqQ/gd+reiIXA==",
      "license": "MIT",
      "optional": true
    },
    "node_modules/smol-toml": {
      "version": "1.8.0",
      "resolved": "https://registry.npmjs.org/smol-toml/-/smol-toml-1.8.0.tgz",
      "integrity": "sha512-kCZr2V3ch9i00x8zXRhjUNVcjG9ijES5dDudkXvUVCT5QlJNQWElSJdZqyPemffHoLNUYwOcou0Fy+ojN0uHSQ==",
      "license": "BSD-3-Clause",
      "engines": {
        "node": ">= 18"
      },
      "funding": {
        "url": "https://github.com/sponsors/cyyynthia"
      }
    },
    "node_modules/string_decoder": {
      "version": "1.1.1",
      "resolved": "https://registry.npmjs.org/string_decoder/-/string_decoder-1.1.1.tgz",
      "integrity": "sha512-n/ShnvDi6FHbbVfviro+WojiFzv+s8MPMHBczVePfUpDJLwoLT0ht1l4YwBCbi8pJAveEEdnkHyPyTP/mzRfwg==",
      "license": "MIT",
      "optional": true,
      "dependencies": {
        "safe-buffer": "~5.1.0"
      }
    },
    "node_modules/typebox": {
      "version": "1.3.34",
      "resolved": "https://registry.npmjs.org/typebox/-/typebox-1.3.34.tgz",
      "integrity": "sha512-wbnzrXXDW8xEFHDZZs2jo1MkhaYlKAY4FRhpBc1+2LF1fZVBGCXGdLEhA/Z/NBbgzJMFfeM8m7elKPa/+KxaUQ==",
      "license": "MIT"
    },
    "node_modules/util-deprecate": {
      "version": "1.0.2",
      "resolved": "https://registry.npmjs.org/util-deprecate/-/util-deprecate-1.0.2.tgz",
      "integrity": "sha512-EPD5q1uXyFxJpCrLnCc1nHnq3gOa6DZBocAIiI2TaSCA7VCJ1UJDMagCzIkXNsUYfD1daK//LTEQ8xiIbrHtcw==",
      "license": "MIT",
      "optional": true
    },
    "node_modules/ws": {
      "version": "8.21.3",
      "resolved": "https://registry.npmjs.org/ws/-/ws-8.21.3.tgz",
      "integrity": "sha512-201TZ/kPWxoPr/OKWjquZR1SWKXcvxdH+e1xrx89b3YbmzLMFCLfnaG1HFIgWzJOEWZ7MvpK++odZufgYR50Rw==",
      "license": "MIT",
      "engines": {
        "node": ">=10.0.0"
      },
      "peerDependencies": {
        "bufferutil": "^4.0.1",
        "utf-8-validate": ">=5.0.2"
      },
      "peerDependenciesMeta": {
        "bufferutil": {
          "optional": true
        },
        "utf-8-validate": {
          "optional": true
        }
      }
    },
    "node_modules/zod": {
      "version": "4.6.5",
      "resolved": "https://registry.npmjs.org/zod/-/zod-4.6.5.tgz",
      "integrity": "sha512-v5l/aFXZQeai4awLbOpSoHecE9UiMrnfx75tEXLjNonXVARxQ5mOeipTjROUchszUNCqnE+hqAMujRsRHsut2Q==",
      "license": "MIT",
      "funding": {
        "url": "https://github.com/sponsors/colinhacks"
      }
    }
  }
}
