{
  "name": "@crabpot/fixture-codex",
  "version": "0.0.0",
  "lockfileVersion": 3,
  "requires": true,
  "packages": {
    "": {
      "name": "@crabpot/fixture-codex",
      "version": "0.0.0",
      "dependencies": {
        "@openclaw/codex": "2026.8.1"
      }
    },
    "node_modules/@openai/codex": {
      "version": "0.151.0",
      "resolved": "https://registry.npmjs.org/@openai/codex/-/codex-0.151.0.tgz",
      "integrity": "sha512-mhtWmOZRdmWD1jPbLDnQb59BsaVP/V+lXe/OFNR9ZcLZU0UCiBwn98Fcav1ss7sDIlHkuqj6nWd44IPeXoOhJA==",
      "license": "Apache-2.0",
      "bin": {
        "codex": "bin/codex.js"
      },
      "engines": {
        "node": ">=16"
      },
      "optionalDependencies": {
        "@openai/codex-darwin-arm64": "npm:@openai/codex@0.151.0-darwin-arm64",
        "@openai/codex-darwin-x64": "npm:@openai/codex@0.151.0-darwin-x64",
        "@openai/codex-linux-arm64": "npm:@openai/codex@0.151.0-linux-arm64",
        "@openai/codex-linux-x64": "npm:@openai/codex@0.151.0-linux-x64",
        "@openai/codex-win32-arm64": "npm:@openai/codex@0.151.0-win32-arm64",
        "@openai/codex-win32-x64": "npm:@openai/codex@0.151.0-win32-x64"
      }
    },
    "node_modules/@openai/codex-darwin-arm64": {
      "name": "@openai/codex",
      "version": "0.151.0-darwin-arm64",
      "resolved": "https://registry.npmjs.org/@openai/codex/-/codex-0.151.0-darwin-arm64.tgz",
      "integrity": "sha512-g7YzpaCZGCw19R/gly3vRPjnLqaW7JcBAu2WQQ6e8PIlvBPmS/gMplIUURMgNO6gi8LsPzdlQtLqkwoeOOlIdg==",
      "cpu": [
        "arm64"
      ],
      "license": "Apache-2.0",
      "optional": true,
      "os": [
        "darwin"
      ],
      "engines": {
        "node": ">=16"
      }
    },
    "node_modules/@openai/codex-darwin-x64": {
      "name": "@openai/codex",
      "version": "0.151.0-darwin-x64",
      "resolved": "https://registry.npmjs.org/@openai/codex/-/codex-0.151.0-darwin-x64.tgz",
      "integrity": "sha512-0y+g8TVpP+Fn10mjoKYXER6qYjn29w7xBUsbPXJ6Accu/FoM4Qp4WbKXQPmE0G0yUACTQVZRjzTSsdWUezNgkg==",
      "cpu": [
        "x64"
      ],
      "license": "Apache-2.0",
      "optional": true,
      "os": [
        "darwin"
      ],
      "engines": {
        "node": ">=16"
      }
    },
    "node_modules/@openai/codex-linux-arm64": {
      "name": "@openai/codex",
      "version": "0.151.0-linux-arm64",
      "resolved": "https://registry.npmjs.org/@openai/codex/-/codex-0.151.0-linux-arm64.tgz",
      "integrity": "sha512-CsLgFeX4TQ6I2Gdrxd2r5UbgIbDLCdtcLAlnMYjr06bCL057MTNGec7Ewb3+Z2DBiMuXCljdTBGqLOePkMV0sQ==",
      "cpu": [
        "arm64"
      ],
      "license": "Apache-2.0",
      "optional": true,
      "os": [
        "linux"
      ],
      "engines": {
        "node": ">=16"
      }
    },
    "node_modules/@openai/codex-linux-x64": {
      "name": "@openai/codex",
      "version": "0.151.0-linux-x64",
      "resolved": "https://registry.npmjs.org/@openai/codex/-/codex-0.151.0-linux-x64.tgz",
      "integrity": "sha512-xcVyY1FtwvVYhh2JBmz8fX8CQqFAxO/lxJ2IXsh8x5uwxZVHVl5fZHFHf8JdRaOGG0vpkYmu/DKKVoLd56/DDQ==",
      "cpu": [
        "x64"
      ],
      "license": "Apache-2.0",
      "optional": true,
      "os": [
        "linux"
      ],
      "engines": {
        "node": ">=16"
      }
    },
    "node_modules/@openai/codex-win32-arm64": {
      "name": "@openai/codex",
      "version": "0.151.0-win32-arm64",
      "resolved": "https://registry.npmjs.org/@openai/codex/-/codex-0.151.0-win32-arm64.tgz",
      "integrity": "sha512-zDWzOoh9wHm+Om1Nhn7os47rAVeSGPh0SnM3YOttdq6iPJz2zn4vBnbGUZjeih1qW/3mvNF3Oyd4owlaHmphmg==",
      "cpu": [
        "arm64"
      ],
      "license": "Apache-2.0",
      "optional": true,
      "os": [
        "win32"
      ],
      "engines": {
        "node": ">=16"
      }
    },
    "node_modules/@openai/codex-win32-x64": {
      "name": "@openai/codex",
      "version": "0.151.0-win32-x64",
      "resolved": "https://registry.npmjs.org/@openai/codex/-/codex-0.151.0-win32-x64.tgz",
      "integrity": "sha512-sLT7xvID3jhU6tkzcwRPnMEclKRwUPbpo0mtfxIF9KpdZH3VJV7sM2/kXWXyvUM7Zt/YeyOaeATTEysbRz8Yog==",
      "cpu": [
        "x64"
      ],
      "license": "Apache-2.0",
      "optional": true,
      "os": [
        "win32"
      ],
      "engines": {
        "node": ">=16"
      }
    },
    "node_modules/@openclaw/codex": {
      "version": "2026.8.1",
      "resolved": "https://registry.npmjs.org/@openclaw/codex/-/codex-2026.8.1.tgz",
      "integrity": "sha512-PA381pVzMcQho1VXvyGDtutkt2L3VTml6rTSGOlLH7sO0bVcTPaMALgBV+AtaTTTmkksaJ/fGt45PJyN2BuaqQ==",
      "dependencies": {
        "@openai/codex": "0.151.0",
        "semver": "7.8.5",
        "smol-toml": "1.8.0",
        "typebox": "1.3.16",
        "ws": "8.21.3",
        "zod": "4.4.3"
      },
      "peerDependencies": {
        "openclaw": ">=2026.8.1"
      },
      "peerDependenciesMeta": {
        "openclaw": {
          "optional": true
        }
      }
    },
    "node_modules/semver": {
      "version": "7.8.5",
      "resolved": "https://registry.npmjs.org/semver/-/semver-7.8.5.tgz",
      "integrity": "sha512-Y7/KDsb8LjooZpwaqGyulO6DQlksgCncchHGk+sZIY4SBvUocMBEFH5Ur1fI4dV+Jvl0w6cjvucaIi40puRioA==",
      "license": "ISC",
      "bin": {
        "semver": "bin/semver.js"
      },
      "engines": {
        "node": ">=10"
      }
    },
    "node_modules/smol-toml": {
      "version": "1.8.0",
      "resolved": "https://registry.npmjs.org/smol-toml/-/smol-toml-1.8.0.tgz",
      "integrity": "sha512-kCZr2V3ch9i00x8zXRhjUNVcjG9ijES5dDudkXvUVCT5QlJNQWElSJdZqyPemffHoLNUYwOcou0Fy+ojN0uHSQ==",
      "license": "BSD-3-Clause",
      "engines": {
        "node": ">= 18"
      },
      "funding": {
        "url": "https://github.com/sponsors/cyyynthia"
      }
    },
    "node_modules/typebox": {
      "version": "1.3.16",
      "resolved": "https://registry.npmjs.org/typebox/-/typebox-1.3.16.tgz",
      "integrity": "sha512-Jac8dgnin+g2p1w1v9sk92Wvp49ZqsmSgNhrXDK+RqrovsjiORMZvYZ8t8id9b9XQp6LMfaAwnIRSHGsM+3FMw==",
      "license": "MIT"
    },
    "node_modules/ws": {
      "version": "8.21.3",
      "resolved": "https://registry.npmjs.org/ws/-/ws-8.21.3.tgz",
      "integrity": "sha512-201TZ/kPWxoPr/OKWjquZR1SWKXcvxdH+e1xrx89b3YbmzLMFCLfnaG1HFIgWzJOEWZ7MvpK++odZufgYR50Rw==",
      "license": "MIT",
      "engines": {
        "node": ">=10.0.0"
      },
      "peerDependencies": {
        "bufferutil": "^4.0.1",
        "utf-8-validate": ">=5.0.2"
      },
      "peerDependenciesMeta": {
        "bufferutil": {
          "optional": true
        },
        "utf-8-validate": {
          "optional": true
        }
      }
    },
    "node_modules/zod": {
      "version": "4.4.3",
      "resolved": "https://registry.npmjs.org/zod/-/zod-4.4.3.tgz",
      "integrity": "sha512-ytENFjIJFl2UwYglde2jchW2Hwm4GJFLDiSXWdTrJQBIN9Fcyp7n4DhxJEiWNAJMV1/BqWfW/kkg71UDcHJyTQ==",
      "license": "MIT",
      "funding": {
        "url": "https://github.com/sponsors/colinhacks"
      }
    }
  }
}
