{
  "name": "@crabpot/fixture-nostr",
  "version": "0.0.0",
  "lockfileVersion": 3,
  "requires": true,
  "packages": {
    "": {
      "name": "@crabpot/fixture-nostr",
      "version": "0.0.0",
      "dependencies": {
        "@openclaw/nostr": "2026.8.1"
      }
    },
    "node_modules/@openclaw/nostr": {
      "version": "2026.8.1",
      "resolved": "https://registry.npmjs.org/@openclaw/nostr/-/nostr-2026.8.1.tgz",
      "integrity": "sha512-WRWKDiGpOKrIpII5JKRA/6wVVD2SRsuinEblDJpcrFK4TCJ7BuvEk2vjdFWNY2nuSl68s6Whoq/Z3LyBHlJxJg==",
      "bundleDependencies": [
        "nostr-tools",
        "zod"
      ],
      "dependencies": {
        "nostr-tools": "2.24.3",
        "zod": "4.4.3"
      },
      "peerDependencies": {
        "openclaw": ">=2026.8.1"
      },
      "peerDependenciesMeta": {
        "openclaw": {
          "optional": true
        }
      }
    },
    "node_modules/@openclaw/nostr/node_modules/nostr-tools": {
      "version": "2.24.3",
      "inBundle": true,
      "license": "Unlicense",
      "dependencies": {
        "@noble/ciphers": "2.1.1",
        "@noble/curves": "2.0.1",
        "@noble/hashes": "2.0.1",
        "@scure/base": "2.0.0",
        "@scure/bip32": "2.0.1",
        "@scure/bip39": "2.0.1",
        "nostr-wasm": "0.1.0"
      },
      "peerDependencies": {
        "typescript": ">=5.0.0"
      },
      "peerDependenciesMeta": {
        "typescript": {
          "optional": true
        }
      }
    },
    "node_modules/@openclaw/nostr/node_modules/nostr-tools/node_modules/@noble/ciphers": {
      "version": "2.1.1",
      "inBundle": true,
      "license": "MIT",
      "engines": {
        "node": ">= 20.19.0"
      },
      "funding": {
        "url": "https://paulmillr.com/funding/"
      }
    },
    "node_modules/@openclaw/nostr/node_modules/nostr-tools/node_modules/@noble/curves": {
      "version": "2.0.1",
      "inBundle": true,
      "license": "MIT",
      "dependencies": {
        "@noble/hashes": "2.0.1"
      },
      "engines": {
        "node": ">= 20.19.0"
      },
      "funding": {
        "url": "https://paulmillr.com/funding/"
      }
    },
    "node_modules/@openclaw/nostr/node_modules/nostr-tools/node_modules/@noble/hashes": {
      "version": "2.0.1",
      "inBundle": true,
      "license": "MIT",
      "engines": {
        "node": ">= 20.19.0"
      },
      "funding": {
        "url": "https://paulmillr.com/funding/"
      }
    },
    "node_modules/@openclaw/nostr/node_modules/nostr-tools/node_modules/@scure/base": {
      "version": "2.0.0",
      "inBundle": true,
      "license": "MIT",
      "funding": {
        "url": "https://paulmillr.com/funding/"
      }
    },
    "node_modules/@openclaw/nostr/node_modules/nostr-tools/node_modules/@scure/bip32": {
      "version": "2.0.1",
      "inBundle": true,
      "license": "MIT",
      "dependencies": {
        "@noble/curves": "2.0.1",
        "@noble/hashes": "2.0.1",
        "@scure/base": "2.0.0"
      },
      "funding": {
        "url": "https://paulmillr.com/funding/"
      }
    },
    "node_modules/@openclaw/nostr/node_modules/nostr-tools/node_modules/@scure/bip39": {
      "version": "2.0.1",
      "inBundle": true,
      "license": "MIT",
      "dependencies": {
        "@noble/hashes": "2.0.1",
        "@scure/base": "2.0.0"
      },
      "funding": {
        "url": "https://paulmillr.com/funding/"
      }
    },
    "node_modules/@openclaw/nostr/node_modules/nostr-tools/node_modules/nostr-wasm": {
      "version": "0.1.0",
      "inBundle": true,
      "license": "MIT"
    },
    "node_modules/@openclaw/nostr/node_modules/zod": {
      "version": "4.4.3",
      "inBundle": true,
      "license": "MIT",
      "funding": {
        "url": "https://github.com/sponsors/colinhacks"
      }
    }
  }
}
