{
  "name": "@crabpot/fixture-openclaw-qqbot",
  "version": "0.0.0",
  "lockfileVersion": 3,
  "requires": true,
  "packages": {
    "": {
      "name": "@crabpot/fixture-openclaw-qqbot",
      "version": "0.0.0",
      "dependencies": {
        "@tencent-connect/openclaw-qqbot": "2.0.1"
      }
    },
    "node_modules/@tencent-connect/openclaw-qqbot": {
      "version": "2.0.1",
      "resolved": "https://registry.npmjs.org/@tencent-connect/openclaw-qqbot/-/openclaw-qqbot-2.0.1.tgz",
      "integrity": "sha512-2010PaCummeQaxerLtaGfQ/5HChiXaW/KpTERid7V/1zyTs46S2ACi0hgZQ1SB7tH0t1InWr8tzVBJV/pLss3Q==",
      "dependencies": {
        "@tencent-connect/qqbot-connector": "1.2.0",
        "@tencent-connect/qqbot-nodejs": "^1.0.4"
      },
      "bin": {
        "openclaw-qqbot": "bin/qqbot-cli.js",
        "qqbot": "bin/qqbot-cli.js"
      },
      "peerDependencies": {
        "@tencent-connect/qqbot-connector": "1.2.0",
        "openclaw": "*"
      }
    },
    "node_modules/@tencent-connect/qqbot-connector": {
      "version": "1.2.0",
      "resolved": "https://registry.npmjs.org/@tencent-connect/qqbot-connector/-/qqbot-connector-1.2.0.tgz",
      "integrity": "sha512-FAOUCvgxP4M9UiYbHrtVgJ7BavSlh1CHJPjeEQuTAkP9MZ91lX4yATqv6I/lB9yp15nVq+G2DaGSSJwQTSoSsA==",
      "license": "UNLICENSED",
      "dependencies": {
        "qrcode-terminal": "^0.12"
      },
      "engines": {
        "node": ">=18.0.0"
      }
    },
    "node_modules/@tencent-connect/qqbot-nodejs": {
      "version": "1.0.4",
      "resolved": "https://registry.npmjs.org/@tencent-connect/qqbot-nodejs/-/qqbot-nodejs-1.0.4.tgz",
      "integrity": "sha512-gU5HySLplczZXMUjM7NtiUACY7YfX9YlI/R9PKzCLMgLmHvwsX9L2sitsrYPMentGUr9b8NLfSaSTsndF77NBA==",
      "license": "MIT",
      "dependencies": {
        "ws": "^8.21.0"
      },
      "engines": {
        "node": ">=18"
      },
      "peerDependencies": {
        "mpg123-decoder": "^1.0.3",
        "silk-wasm": "^3.7.1"
      },
      "peerDependenciesMeta": {
        "mpg123-decoder": {
          "optional": true
        },
        "silk-wasm": {
          "optional": true
        }
      }
    },
    "node_modules/qrcode-terminal": {
      "version": "0.12.0",
      "resolved": "https://registry.npmjs.org/qrcode-terminal/-/qrcode-terminal-0.12.0.tgz",
      "integrity": "sha512-EXtzRZmC+YGmGlDFbXKxQiMZNwCLEO6BANKXG4iCtSIM0yqc/pappSx3RIKr4r0uh5JsBckOXeKrB3Iz7mdQpQ==",
      "bin": {
        "qrcode-terminal": "bin/qrcode-terminal.js"
      }
    },
    "node_modules/ws": {
      "version": "8.21.0",
      "resolved": "https://registry.npmjs.org/ws/-/ws-8.21.0.tgz",
      "integrity": "sha512-Vsp28b7DRcimFQvrqu2Wek3z1iYxDCWqHYB8Qsnk/S4RfaCQzPGPyBNuVjJV3cd6UiKtUtp6sNM77gWvzcCH+g==",
      "license": "MIT",
      "engines": {
        "node": ">=10.0.0"
      },
      "peerDependencies": {
        "bufferutil": "^4.0.1",
        "utf-8-validate": ">=5.0.2"
      },
      "peerDependenciesMeta": {
        "bufferutil": {
          "optional": true
        },
        "utf-8-validate": {
          "optional": true
        }
      }
    }
  }
}
