{
  "name": "crabpot-fixture-aiwerk-mcp-bridge",
  "version": "0.0.0",
  "lockfileVersion": 3,
  "requires": true,
  "packages": {
    "": {
      "name": "crabpot-fixture-aiwerk-mcp-bridge",
      "version": "0.0.0",
      "dependencies": {
        "@aiwerk/openclaw-mcp-bridge": "0.14.0"
      }
    },
    "node_modules/@aiwerk/mcp-bridge": {
      "version": "3.0.0",
      "resolved": "https://registry.npmjs.org/@aiwerk/mcp-bridge/-/mcp-bridge-3.0.0.tgz",
      "integrity": "sha512-dM7PZcXuLVlHzzxFem3/Tj1LhBYQ6D3d1A80mLHBCdoDUF5dXVfbFFW4Vw9yg080kjzEmOO1grWEbG58Ed6cfw==",
      "hasInstallScript": true,
      "license": "MIT",
      "dependencies": {
        "@sinclair/typebox": "^0.34.0"
      },
      "bin": {
        "mcp-bridge": "dist/bin/mcp-bridge.js"
      },
      "engines": {
        "node": ">=20.0.0"
      }
    },
    "node_modules/@aiwerk/openclaw-mcp-bridge": {
      "version": "0.14.0",
      "resolved": "https://registry.npmjs.org/@aiwerk/openclaw-mcp-bridge/-/openclaw-mcp-bridge-0.14.0.tgz",
      "integrity": "sha512-4+4xLHxzjvVlj7BAcUAcWT+3ug6SIQjXZGnJcKiTC7UnC6sVkVCYgg0G5xTsEW4fBWctjE+daO4ipL5HgSsf7w==",
      "license": "MIT",
      "dependencies": {
        "@aiwerk/mcp-bridge": "3.0.0",
        "@sinclair/typebox": "^0.34.0"
      },
      "engines": {
        "node": ">=20.0.0"
      }
    },
    "node_modules/@sinclair/typebox": {
      "version": "0.34.49",
      "resolved": "https://registry.npmjs.org/@sinclair/typebox/-/typebox-0.34.49.tgz",
      "integrity": "sha512-brySQQs7Jtn0joV8Xh9ZV/hZb9Ozb0pmazDIASBkYKCjXrXU3mpcFahmK/z4YDhGkQvP9mWJbVyahdtU5wQA+A==",
      "license": "MIT"
    }
  }
}
