{
  "name": "@crabpot/fixture-synology-chat",
  "version": "0.0.0",
  "lockfileVersion": 3,
  "requires": true,
  "packages": {
    "": {
      "name": "@crabpot/fixture-synology-chat",
      "version": "0.0.0",
      "dependencies": {
        "@openclaw/synology-chat": "2026.9.6"
      }
    },
    "node_modules/@openclaw/synology-chat": {
      "version": "2026.9.6",
      "resolved": "https://registry.npmjs.org/@openclaw/synology-chat/-/synology-chat-2026.9.6.tgz",
      "integrity": "sha512-8liAePCPuzJUU6IRuw6fxhursFIrbBjKEAjNjzzP+hDH8oRi/Y6AHR6pEbqJzPu48gnNWXBOJYxgceypTxRVCg==",
      "bundleDependencies": [
        "zod"
      ],
      "dependencies": {
        "zod": "4.6.5"
      },
      "peerDependencies": {
        "openclaw": ">=2026.9.6"
      },
      "peerDependenciesMeta": {
        "openclaw": {
          "optional": true
        }
      }
    },
    "node_modules/@openclaw/synology-chat/node_modules/zod": {
      "version": "4.6.5",
      "inBundle": true,
      "license": "MIT",
      "funding": {
        "url": "https://github.com/sponsors/colinhacks"
      }
    }
  }
}
