{
  "name": "@crabpot/fixture-synology-chat",
  "version": "0.0.0",
  "lockfileVersion": 3,
  "requires": true,
  "packages": {
    "": {
      "name": "@crabpot/fixture-synology-chat",
      "version": "0.0.0",
      "dependencies": {
        "@openclaw/synology-chat": "2026.2.22"
      }
    },
    "node_modules/@openclaw/synology-chat": {
      "version": "2026.2.22",
      "resolved": "https://registry.npmjs.org/@openclaw/synology-chat/-/synology-chat-2026.2.22.tgz",
      "integrity": "sha512-MtNiSs5wIDoQ1k/5PH6qRBYkydZTzjjhfp/4RpIiI0q1cBLl8l8qUASvXSDwm8iUxsCgLDizirxgYh3CyHBOqw==",
      "deprecated": "Deprecated: obsolete OpenClaw plugin package version. Use current OpenClaw bundled/plugin distribution; newer npm releases may return later.",
      "dependencies": {
        "zod": "^4.3.6"
      }
    },
    "node_modules/zod": {
      "version": "4.4.2",
      "resolved": "https://registry.npmjs.org/zod/-/zod-4.4.2.tgz",
      "integrity": "sha512-IynmDyxsEsb9RKzO3J9+4SxXnl2FTFSzNBaKKaMV6tsSk0rw9gYw9gs+JFCq/qk2LCZ78KDwyj+Z289TijSkUw==",
      "license": "MIT",
      "funding": {
        "url": "https://github.com/sponsors/colinhacks"
      }
    }
  }
}
